{
    "version": 3,
    "terraform_version": "0.11.1",
    "serial": 16,
    "lineage": "c04f1a1b-8e12-4c8a-9ee1-e789cca0e596",
    "modules": [
        {
            "path": [
                "root"
            ],
            "outputs": {},
            "resources": {
                "gitlab_group.ellucian_banner_apps": {
                    "type": "gitlab_group",
                    "depends_on": [],
                    "primary": {
                        "id": "27",
                        "attributes": {
                            "description": "The source repo from ellucian_banner_apps",
                            "id": "27",
                            "lfs_enabled": "true",
                            "name": "Ellucian banner_apps",
                            "parent_id": "0",
                            "path": "ellucian_banner_apps",
                            "request_access_enabled": "false",
                            "visibility_level": "internal"
                        },
                        "meta": {},
                        "tainted": false
                    },
                    "deposed": [],
                    "provider": "provider.gitlab"
                },
                "gitlab_group.ellucian_banner_pages": {
                    "type": "gitlab_group",
                    "depends_on": [],
                    "primary": {
                        "id": "28",
                        "attributes": {
                            "description": "The source repo from ellucian_banner_pages",
                            "id": "28",
                            "lfs_enabled": "true",
                            "name": "Ellucian banner_pages",
                            "parent_id": "0",
                            "path": "ellucian_banner_pages",
                            "request_access_enabled": "false",
                            "visibility_level": "internal"
                        },
                        "meta": {},
                        "tainted": false
                    },
                    "deposed": [],
                    "provider": "provider.gitlab"
                },
                "gitlab_group.ellucian_banner_plugins": {
                    "type": "gitlab_group",
                    "depends_on": [],
                    "primary": {
                        "id": "30",
                        "attributes": {
                            "description": "The source repo from ellucian_banner_plugins",
                            "id": "30",
                            "lfs_enabled": "true",
                            "name": "Ellucian banner_plugins",
                            "parent_id": "0",
                            "path": "ellucian_banner_plugins",
                            "request_access_enabled": "false",
                            "visibility_level": "internal"
                        },
                        "meta": {},
                        "tainted": false
                    },
                    "deposed": [],
                    "provider": "provider.gitlab"
                },
                "gitlab_group.ellucian_framework_plugins": {
                    "type": "gitlab_group",
                    "depends_on": [],
                    "primary": {
                        "id": "26",
                        "attributes": {
                            "description": "The source repo from ellucian_framework_plugins",
                            "id": "26",
                            "lfs_enabled": "true",
                            "name": "Ellucian framework_plugins",
                            "parent_id": "0",
                            "path": "ellucian_framework_plugins",
                            "request_access_enabled": "false",
                            "visibility_level": "internal"
                        },
                        "meta": {},
                        "tainted": false
                    },
                    "deposed": [],
                    "provider": "provider.gitlab"
                },
                "gitlab_group.ellucian_mobile": {
                    "type": "gitlab_group",
                    "depends_on": [],
                    "primary": {
                        "id": "29",
                        "attributes": {
                            "description": "The source repo from ellucian_mobile",
                            "id": "29",
                            "lfs_enabled": "true",
                            "name": "Ellucian mobile",
                            "parent_id": "0",
                            "path": "ellucian_mobile",
                            "request_access_enabled": "false",
                            "visibility_level": "internal"
                        },
                        "meta": {},
                        "tainted": false
                    },
                    "deposed": [],
                    "provider": "provider.gitlab"
                }
            },
            "depends_on": []
        },
        {
            "path": [
                "root",
                "banner_apps_application_navigator_app"
            ],
            "outputs": {},
            "resources": {
                "gitlab_project.example": {
                    "type": "gitlab_project",
                    "depends_on": [],
                    "primary": {
                        "id": "73",
                        "attributes": {
                            "default_branch": "",
                            "description": "Ellucian sync repo for application_navigator_app",
                            "http_url_to_repo": "https://gitrepo.georgebrown.ca/ellucian_banner_apps/application_navigator_app.git",
                            "id": "73",
                            "issues_enabled": "false",
                            "merge_requests_enabled": "true",
                            "name": "application_navigator_app",
                            "namespace_id": "27",
                            "path": "application_navigator_app",
                            "snippets_enabled": "false",
                            "ssh_url_to_repo": "ssh://git@gitrepo.georgebrown.ca:2222/ellucian_banner_apps/application_navigator_app.git",
                            "visibility_level": "internal",
                            "web_url": "https://gitrepo.georgebrown.ca/ellucian_banner_apps/application_navigator_app",
                            "wiki_enabled": "false"
                        },
                        "meta": {},
                        "tainted": false
                    },
                    "deposed": [],
                    "provider": "provider.gitlab"
                }
            },
            "depends_on": []
        },
        {
            "path": [
                "root",
                "banner_apps_banner_communication_management_ssb_app"
            ],
            "outputs": {},
            "resources": {
                "gitlab_project.example": {
                    "type": "gitlab_project",
                    "depends_on": [],
                    "primary": {
                        "id": "79",
                        "attributes": {
                            "default_branch": "",
                            "description": "Ellucian sync repo for banner_communication_management_ssb_app",
                            "http_url_to_repo": "https://gitrepo.georgebrown.ca/ellucian_banner_apps/banner_communication_management_ssb_app.git",
                            "id": "79",
                            "issues_enabled": "false",
                            "merge_requests_enabled": "true",
                            "name": "banner_communication_management_ssb_app",
                            "namespace_id": "27",
                            "path": "banner_communication_management_ssb_app",
                            "snippets_enabled": "false",
                            "ssh_url_to_repo": "ssh://git@gitrepo.georgebrown.ca:2222/ellucian_banner_apps/banner_communication_management_ssb_app.git",
                            "visibility_level": "internal",
                            "web_url": "https://gitrepo.georgebrown.ca/ellucian_banner_apps/banner_communication_management_ssb_app",
                            "wiki_enabled": "false"
                        },
                        "meta": {},
                        "tainted": false
                    },
                    "deposed": [],
                    "provider": "provider.gitlab"
                }
            },
            "depends_on": []
        },
        {
            "path": [
                "root",
                "banner_apps_banner_document_management_api_app"
            ],
            "outputs": {},
            "resources": {
                "gitlab_project.example": {
                    "type": "gitlab_project",
                    "depends_on": [],
                    "primary": {
                        "id": "69",
                        "attributes": {
                            "default_branch": "",
                            "description": "Ellucian sync repo for banner_document_management_api_app",
                            "http_url_to_repo": "https://gitrepo.georgebrown.ca/ellucian_banner_apps/banner_document_management_api_app.git",
                            "id": "69",
                            "issues_enabled": "false",
                            "merge_requests_enabled": "true",
                            "name": "banner_document_management_api_app",
                            "namespace_id": "27",
                            "path": "banner_document_management_api_app",
                            "snippets_enabled": "false",
                            "ssh_url_to_repo": "ssh://git@gitrepo.georgebrown.ca:2222/ellucian_banner_apps/banner_document_management_api_app.git",
                            "visibility_level": "internal",
                            "web_url": "https://gitrepo.georgebrown.ca/ellucian_banner_apps/banner_document_management_api_app",
                            "wiki_enabled": "false"
                        },
                        "meta": {},
                        "tainted": false
                    },
                    "deposed": [],
                    "provider": "provider.gitlab"
                }
            },
            "depends_on": []
        },
        {
            "path": [
                "root",
                "banner_apps_banner_employee_profile_ssb_app"
            ],
            "outputs": {},
            "resources": {
                "gitlab_project.example": {
                    "type": "gitlab_project",
                    "depends_on": [],
                    "primary": {
                        "id": "87",
                        "attributes": {
                            "default_branch": "",
                            "description": "Ellucian sync repo for banner_employee_profile_ssb_app",
                            "http_url_to_repo": "https://gitrepo.georgebrown.ca/ellucian_banner_apps/banner_employee_profile_ssb_app.git",
                            "id": "87",
                            "issues_enabled": "false",
                            "merge_requests_enabled": "true",
                            "name": "banner_employee_profile_ssb_app",
                            "namespace_id": "27",
                            "path": "banner_employee_profile_ssb_app",
                            "snippets_enabled": "false",
                            "ssh_url_to_repo": "ssh://git@gitrepo.georgebrown.ca:2222/ellucian_banner_apps/banner_employee_profile_ssb_app.git",
                            "visibility_level": "internal",
                            "web_url": "https://gitrepo.georgebrown.ca/ellucian_banner_apps/banner_employee_profile_ssb_app",
                            "wiki_enabled": "false"
                        },
                        "meta": {},
                        "tainted": false
                    },
                    "deposed": [],
                    "provider": "provider.gitlab"
                }
            },
            "depends_on": []
        },
        {
            "path": [
                "root",
                "banner_apps_banner_employee_ssb_app"
            ],
            "outputs": {},
            "resources": {
                "gitlab_project.example": {
                    "type": "gitlab_project",
                    "depends_on": [],
                    "primary": {
                        "id": "71",
                        "attributes": {
                            "default_branch": "",
                            "description": "Ellucian sync repo for banner_employee_ssb_app",
                            "http_url_to_repo": "https://gitrepo.georgebrown.ca/ellucian_banner_apps/banner_employee_ssb_app.git",
                            "id": "71",
                            "issues_enabled": "false",
                            "merge_requests_enabled": "true",
                            "name": "banner_employee_ssb_app",
                            "namespace_id": "27",
                            "path": "banner_employee_ssb_app",
                            "snippets_enabled": "false",
                            "ssh_url_to_repo": "ssh://git@gitrepo.georgebrown.ca:2222/ellucian_banner_apps/banner_employee_ssb_app.git",
                            "visibility_level": "internal",
                            "web_url": "https://gitrepo.georgebrown.ca/ellucian_banner_apps/banner_employee_ssb_app",
                            "wiki_enabled": "false"
                        },
                        "meta": {},
                        "tainted": false
                    },
                    "deposed": [],
                    "provider": "provider.gitlab"
                }
            },
            "depends_on": []
        },
        {
            "path": [
                "root",
                "banner_apps_banner_extensibility"
            ],
            "outputs": {},
            "resources": {
                "gitlab_project.example": {
                    "type": "gitlab_project",
                    "depends_on": [],
                    "primary": {
                        "id": "77",
                        "attributes": {
                            "default_branch": "",
                            "description": "Ellucian sync repo for banner_extensibility",
                            "http_url_to_repo": "https://gitrepo.georgebrown.ca/ellucian_banner_apps/banner_extensibility.git",
                            "id": "77",
                            "issues_enabled": "false",
                            "merge_requests_enabled": "true",
                            "name": "banner_extensibility",
                            "namespace_id": "27",
                            "path": "banner_extensibility",
                            "snippets_enabled": "false",
                            "ssh_url_to_repo": "ssh://git@gitrepo.georgebrown.ca:2222/ellucian_banner_apps/banner_extensibility.git",
                            "visibility_level": "internal",
                            "web_url": "https://gitrepo.georgebrown.ca/ellucian_banner_apps/banner_extensibility",
                            "wiki_enabled": "false"
                        },
                        "meta": {},
                        "tainted": false
                    },
                    "deposed": [],
                    "provider": "provider.gitlab"
                }
            },
            "depends_on": []
        },
        {
            "path": [
                "root",
                "banner_apps_banner_faculty_attendance_tracking_ssb_app"
            ],
            "outputs": {},
            "resources": {
                "gitlab_project.example": {
                    "type": "gitlab_project",
                    "depends_on": [],
                    "primary": {
                        "id": "68",
                        "attributes": {
                            "default_branch": "",
                            "description": "Ellucian sync repo for banner_faculty_attendance_tracking_ssb_app",
                            "http_url_to_repo": "https://gitrepo.georgebrown.ca/ellucian_banner_apps/banner_faculty_attendance_tracking_ssb_app.git",
                            "id": "68",
                            "issues_enabled": "false",
                            "merge_requests_enabled": "true",
                            "name": "banner_faculty_attendance_tracking_ssb_app",
                            "namespace_id": "27",
                            "path": "banner_faculty_attendance_tracking_ssb_app",
                            "snippets_enabled": "false",
                            "ssh_url_to_repo": "ssh://git@gitrepo.georgebrown.ca:2222/ellucian_banner_apps/banner_faculty_attendance_tracking_ssb_app.git",
                            "visibility_level": "internal",
                            "web_url": "https://gitrepo.georgebrown.ca/ellucian_banner_apps/banner_faculty_attendance_tracking_ssb_app",
                            "wiki_enabled": "false"
                        },
                        "meta": {},
                        "tainted": false
                    },
                    "deposed": [],
                    "provider": "provider.gitlab"
                }
            },
            "depends_on": []
        },
        {
            "path": [
                "root",
                "banner_apps_banner_finance_procurement_ssb_app"
            ],
            "outputs": {},
            "resources": {
                "gitlab_project.example": {
                    "type": "gitlab_project",
                    "depends_on": [],
                    "primary": {
                        "id": "83",
                        "attributes": {
                            "default_branch": "",
                            "description": "Ellucian sync repo for banner_finance_procurement_ssb_app",
                            "http_url_to_repo": "https://gitrepo.georgebrown.ca/ellucian_banner_apps/banner_finance_procurement_ssb_app.git",
                            "id": "83",
                            "issues_enabled": "false",
                            "merge_requests_enabled": "true",
                            "name": "banner_finance_procurement_ssb_app",
                            "namespace_id": "27",
                            "path": "banner_finance_procurement_ssb_app",
                            "snippets_enabled": "false",
                            "ssh_url_to_repo": "ssh://git@gitrepo.georgebrown.ca:2222/ellucian_banner_apps/banner_finance_procurement_ssb_app.git",
                            "visibility_level": "internal",
                            "web_url": "https://gitrepo.georgebrown.ca/ellucian_banner_apps/banner_finance_procurement_ssb_app",
                            "wiki_enabled": "false"
                        },
                        "meta": {},
                        "tainted": false
                    },
                    "deposed": [],
                    "provider": "provider.gitlab"
                }
            },
            "depends_on": []
        },
        {
            "path": [
                "root",
                "banner_apps_banner_finance_ssb_app"
            ],
            "outputs": {},
            "resources": {
                "gitlab_project.example": {
                    "type": "gitlab_project",
                    "depends_on": [],
                    "primary": {
                        "id": "88",
                        "attributes": {
                            "default_branch": "",
                            "description": "Ellucian sync repo for banner_finance_ssb_app",
                            "http_url_to_repo": "https://gitrepo.georgebrown.ca/ellucian_banner_apps/banner_finance_ssb_app.git",
                            "id": "88",
                            "issues_enabled": "false",
                            "merge_requests_enabled": "true",
                            "name": "banner_finance_ssb_app",
                            "namespace_id": "27",
                            "path": "banner_finance_ssb_app",
                            "snippets_enabled": "false",
                            "ssh_url_to_repo": "ssh://git@gitrepo.georgebrown.ca:2222/ellucian_banner_apps/banner_finance_ssb_app.git",
                            "visibility_level": "internal",
                            "web_url": "https://gitrepo.georgebrown.ca/ellucian_banner_apps/banner_finance_ssb_app",
                            "wiki_enabled": "false"
                        },
                        "meta": {},
                        "tainted": false
                    },
                    "deposed": [],
                    "provider": "provider.gitlab"
                }
            },
            "depends_on": []
        },
        {
            "path": [
                "root",
                "banner_apps_banner_general_events_app"
            ],
            "outputs": {},
            "resources": {
                "gitlab_project.example": {
                    "type": "gitlab_project",
                    "depends_on": [],
                    "primary": {
                        "id": "74",
                        "attributes": {
                            "default_branch": "",
                            "description": "Ellucian sync repo for banner_general_events_app",
                            "http_url_to_repo": "https://gitrepo.georgebrown.ca/ellucian_banner_apps/banner_general_events_app.git",
                            "id": "74",
                            "issues_enabled": "false",
                            "merge_requests_enabled": "true",
                            "name": "banner_general_events_app",
                            "namespace_id": "27",
                            "path": "banner_general_events_app",
                            "snippets_enabled": "false",
                            "ssh_url_to_repo": "ssh://git@gitrepo.georgebrown.ca:2222/ellucian_banner_apps/banner_general_events_app.git",
                            "visibility_level": "internal",
                            "web_url": "https://gitrepo.georgebrown.ca/ellucian_banner_apps/banner_general_events_app",
                            "wiki_enabled": "false"
                        },
                        "meta": {},
                        "tainted": false
                    },
                    "deposed": [],
                    "provider": "provider.gitlab"
                }
            },
            "depends_on": []
        },
        {
            "path": [
                "root",
                "banner_apps_banner_general_events_ssb_app"
            ],
            "outputs": {},
            "resources": {
                "gitlab_project.example": {
                    "type": "gitlab_project",
                    "depends_on": [],
                    "primary": {
                        "id": "89",
                        "attributes": {
                            "default_branch": "",
                            "description": "Ellucian sync repo for banner_general_events_ssb_app",
                            "http_url_to_repo": "https://gitrepo.georgebrown.ca/ellucian_banner_apps/banner_general_events_ssb_app.git",
                            "id": "89",
                            "issues_enabled": "false",
                            "merge_requests_enabled": "true",
                            "name": "banner_general_events_ssb_app",
                            "namespace_id": "27",
                            "path": "banner_general_events_ssb_app",
                            "snippets_enabled": "false",
                            "ssh_url_to_repo": "ssh://git@gitrepo.georgebrown.ca:2222/ellucian_banner_apps/banner_general_events_ssb_app.git",
                            "visibility_level": "internal",
                            "web_url": "https://gitrepo.georgebrown.ca/ellucian_banner_apps/banner_general_events_ssb_app",
                            "wiki_enabled": "false"
                        },
                        "meta": {},
                        "tainted": false
                    },
                    "deposed": [],
                    "provider": "provider.gitlab"
                }
            },
            "depends_on": []
        },
        {
            "path": [
                "root",
                "banner_apps_banner_general_ssb_app"
            ],
            "outputs": {},
            "resources": {
                "gitlab_project.example": {
                    "type": "gitlab_project",
                    "depends_on": [],
                    "primary": {
                        "id": "85",
                        "attributes": {
                            "default_branch": "",
                            "description": "Ellucian sync repo for banner_general_ssb_app",
                            "http_url_to_repo": "https://gitrepo.georgebrown.ca/ellucian_banner_apps/banner_general_ssb_app.git",
                            "id": "85",
                            "issues_enabled": "false",
                            "merge_requests_enabled": "true",
                            "name": "banner_general_ssb_app",
                            "namespace_id": "27",
                            "path": "banner_general_ssb_app",
                            "snippets_enabled": "false",
                            "ssh_url_to_repo": "ssh://git@gitrepo.georgebrown.ca:2222/ellucian_banner_apps/banner_general_ssb_app.git",
                            "visibility_level": "internal",
                            "web_url": "https://gitrepo.georgebrown.ca/ellucian_banner_apps/banner_general_ssb_app",
                            "wiki_enabled": "false"
                        },
                        "meta": {},
                        "tainted": false
                    },
                    "deposed": [],
                    "provider": "provider.gitlab"
                }
            },
            "depends_on": []
        },
        {
            "path": [
                "root",
                "banner_apps_banner_integration_api_app"
            ],
            "outputs": {},
            "resources": {
                "gitlab_project.example": {
                    "type": "gitlab_project",
                    "depends_on": [],
                    "primary": {
                        "id": "82",
                        "attributes": {
                            "default_branch": "",
                            "description": "Ellucian sync repo for banner_integration_api_app",
                            "http_url_to_repo": "https://gitrepo.georgebrown.ca/ellucian_banner_apps/banner_integration_api_app.git",
                            "id": "82",
                            "issues_enabled": "false",
                            "merge_requests_enabled": "true",
                            "name": "banner_integration_api_app",
                            "namespace_id": "27",
                            "path": "banner_integration_api_app",
                            "snippets_enabled": "false",
                            "ssh_url_to_repo": "ssh://git@gitrepo.georgebrown.ca:2222/ellucian_banner_apps/banner_integration_api_app.git",
                            "visibility_level": "internal",
                            "web_url": "https://gitrepo.georgebrown.ca/ellucian_banner_apps/banner_integration_api_app",
                            "wiki_enabled": "false"
                        },
                        "meta": {},
                        "tainted": false
                    },
                    "deposed": [],
                    "provider": "provider.gitlab"
                }
            },
            "depends_on": []
        },
        {
            "path": [
                "root",
                "banner_apps_banner_position_desc_ssb_app"
            ],
            "outputs": {},
            "resources": {
                "gitlab_project.example": {
                    "type": "gitlab_project",
                    "depends_on": [],
                    "primary": {
                        "id": "90",
                        "attributes": {
                            "default_branch": "",
                            "description": "Ellucian sync repo for banner_position_desc_ssb_app",
                            "http_url_to_repo": "https://gitrepo.georgebrown.ca/ellucian_banner_apps/banner_position_desc_ssb_app.git",
                            "id": "90",
                            "issues_enabled": "false",
                            "merge_requests_enabled": "true",
                            "name": "banner_position_desc_ssb_app",
                            "namespace_id": "27",
                            "path": "banner_position_desc_ssb_app",
                            "snippets_enabled": "false",
                            "ssh_url_to_repo": "ssh://git@gitrepo.georgebrown.ca:2222/ellucian_banner_apps/banner_position_desc_ssb_app.git",
                            "visibility_level": "internal",
                            "web_url": "https://gitrepo.georgebrown.ca/ellucian_banner_apps/banner_position_desc_ssb_app",
                            "wiki_enabled": "false"
                        },
                        "meta": {},
                        "tainted": false
                    },
                    "deposed": [],
                    "provider": "provider.gitlab"
                }
            },
            "depends_on": []
        },
        {
            "path": [
                "root",
                "banner_apps_banner_student_advisor_ssb_app"
            ],
            "outputs": {},
            "resources": {
                "gitlab_project.example": {
                    "type": "gitlab_project",
                    "depends_on": [],
                    "primary": {
                        "id": "80",
                        "attributes": {
                            "default_branch": "",
                            "description": "Ellucian sync repo for banner_student_advisor_ssb_app",
                            "http_url_to_repo": "https://gitrepo.georgebrown.ca/ellucian_banner_apps/banner_student_advisor_ssb_app.git",
                            "id": "80",
                            "issues_enabled": "false",
                            "merge_requests_enabled": "true",
                            "name": "banner_student_advisor_ssb_app",
                            "namespace_id": "27",
                            "path": "banner_student_advisor_ssb_app",
                            "snippets_enabled": "false",
                            "ssh_url_to_repo": "ssh://git@gitrepo.georgebrown.ca:2222/ellucian_banner_apps/banner_student_advisor_ssb_app.git",
                            "visibility_level": "internal",
                            "web_url": "https://gitrepo.georgebrown.ca/ellucian_banner_apps/banner_student_advisor_ssb_app",
                            "wiki_enabled": "false"
                        },
                        "meta": {},
                        "tainted": false
                    },
                    "deposed": [],
                    "provider": "provider.gitlab"
                }
            },
            "depends_on": []
        },
        {
            "path": [
                "root",
                "banner_apps_banner_student_api_app"
            ],
            "outputs": {},
            "resources": {
                "gitlab_project.example": {
                    "type": "gitlab_project",
                    "depends_on": [],
                    "primary": {
                        "id": "70",
                        "attributes": {
                            "default_branch": "",
                            "description": "Ellucian sync repo for banner_student_api_app",
                            "http_url_to_repo": "https://gitrepo.georgebrown.ca/ellucian_banner_apps/banner_student_api_app.git",
                            "id": "70",
                            "issues_enabled": "false",
                            "merge_requests_enabled": "true",
                            "name": "banner_student_api_app",
                            "namespace_id": "27",
                            "path": "banner_student_api_app",
                            "snippets_enabled": "false",
                            "ssh_url_to_repo": "ssh://git@gitrepo.georgebrown.ca:2222/ellucian_banner_apps/banner_student_api_app.git",
                            "visibility_level": "internal",
                            "web_url": "https://gitrepo.georgebrown.ca/ellucian_banner_apps/banner_student_api_app",
                            "wiki_enabled": "false"
                        },
                        "meta": {},
                        "tainted": false
                    },
                    "deposed": [],
                    "provider": "provider.gitlab"
                }
            },
            "depends_on": []
        },
        {
            "path": [
                "root",
                "banner_apps_banner_student_attendance_tracking_app"
            ],
            "outputs": {},
            "resources": {
                "gitlab_project.example": {
                    "type": "gitlab_project",
                    "depends_on": [],
                    "primary": {
                        "id": "76",
                        "attributes": {
                            "default_branch": "",
                            "description": "Ellucian sync repo for banner_student_attendance_tracking_app",
                            "http_url_to_repo": "https://gitrepo.georgebrown.ca/ellucian_banner_apps/banner_student_attendance_tracking_app.git",
                            "id": "76",
                            "issues_enabled": "false",
                            "merge_requests_enabled": "true",
                            "name": "banner_student_attendance_tracking_app",
                            "namespace_id": "27",
                            "path": "banner_student_attendance_tracking_app",
                            "snippets_enabled": "false",
                            "ssh_url_to_repo": "ssh://git@gitrepo.georgebrown.ca:2222/ellucian_banner_apps/banner_student_attendance_tracking_app.git",
                            "visibility_level": "internal",
                            "web_url": "https://gitrepo.georgebrown.ca/ellucian_banner_apps/banner_student_attendance_tracking_app",
                            "wiki_enabled": "false"
                        },
                        "meta": {},
                        "tainted": false
                    },
                    "deposed": [],
                    "provider": "provider.gitlab"
                }
            },
            "depends_on": []
        },
        {
            "path": [
                "root",
                "banner_apps_banner_student_attendance_tracking_ssb_app"
            ],
            "outputs": {},
            "resources": {
                "gitlab_project.example": {
                    "type": "gitlab_project",
                    "depends_on": [],
                    "primary": {
                        "id": "67",
                        "attributes": {
                            "default_branch": "",
                            "description": "Ellucian sync repo for banner_student_attendance_tracking_ssb_app",
                            "http_url_to_repo": "https://gitrepo.georgebrown.ca/ellucian_banner_apps/banner_student_attendance_tracking_ssb_app.git",
                            "id": "67",
                            "issues_enabled": "false",
                            "merge_requests_enabled": "true",
                            "name": "banner_student_attendance_tracking_ssb_app",
                            "namespace_id": "27",
                            "path": "banner_student_attendance_tracking_ssb_app",
                            "snippets_enabled": "false",
                            "ssh_url_to_repo": "ssh://git@gitrepo.georgebrown.ca:2222/ellucian_banner_apps/banner_student_attendance_tracking_ssb_app.git",
                            "visibility_level": "internal",
                            "web_url": "https://gitrepo.georgebrown.ca/ellucian_banner_apps/banner_student_attendance_tracking_ssb_app",
                            "wiki_enabled": "false"
                        },
                        "meta": {},
                        "tainted": false
                    },
                    "deposed": [],
                    "provider": "provider.gitlab"
                }
            },
            "depends_on": []
        },
        {
            "path": [
                "root",
                "banner_apps_banner_student_catalog_app"
            ],
            "outputs": {},
            "resources": {
                "gitlab_project.example": {
                    "type": "gitlab_project",
                    "depends_on": [],
                    "primary": {
                        "id": "84",
                        "attributes": {
                            "default_branch": "",
                            "description": "Ellucian sync repo for banner_student_catalog_app",
                            "http_url_to_repo": "https://gitrepo.georgebrown.ca/ellucian_banner_apps/banner_student_catalog_app.git",
                            "id": "84",
                            "issues_enabled": "false",
                            "merge_requests_enabled": "true",
                            "name": "banner_student_catalog_app",
                            "namespace_id": "27",
                            "path": "banner_student_catalog_app",
                            "snippets_enabled": "false",
                            "ssh_url_to_repo": "ssh://git@gitrepo.georgebrown.ca:2222/ellucian_banner_apps/banner_student_catalog_app.git",
                            "visibility_level": "internal",
                            "web_url": "https://gitrepo.georgebrown.ca/ellucian_banner_apps/banner_student_catalog_app",
                            "wiki_enabled": "false"
                        },
                        "meta": {},
                        "tainted": false
                    },
                    "deposed": [],
                    "provider": "provider.gitlab"
                }
            },
            "depends_on": []
        },
        {
            "path": [
                "root",
                "banner_apps_banner_student_etranscript_api"
            ],
            "outputs": {},
            "resources": {
                "gitlab_project.example": {
                    "type": "gitlab_project",
                    "depends_on": [],
                    "primary": {
                        "id": "66",
                        "attributes": {
                            "default_branch": "",
                            "description": "Ellucian sync repo for banner_student_etranscript_api",
                            "http_url_to_repo": "https://gitrepo.georgebrown.ca/ellucian_banner_apps/banner_student_etranscript_api.git",
                            "id": "66",
                            "issues_enabled": "false",
                            "merge_requests_enabled": "true",
                            "name": "banner_student_etranscript_api",
                            "namespace_id": "27",
                            "path": "banner_student_etranscript_api",
                            "snippets_enabled": "false",
                            "ssh_url_to_repo": "ssh://git@gitrepo.georgebrown.ca:2222/ellucian_banner_apps/banner_student_etranscript_api.git",
                            "visibility_level": "internal",
                            "web_url": "https://gitrepo.georgebrown.ca/ellucian_banner_apps/banner_student_etranscript_api",
                            "wiki_enabled": "false"
                        },
                        "meta": {},
                        "tainted": false
                    },
                    "deposed": [],
                    "provider": "provider.gitlab"
                }
            },
            "depends_on": []
        },
        {
            "path": [
                "root",
                "banner_apps_banner_student_faculty_grade_entry_app"
            ],
            "outputs": {},
            "resources": {
                "gitlab_project.example": {
                    "type": "gitlab_project",
                    "depends_on": [],
                    "primary": {
                        "id": "75",
                        "attributes": {
                            "default_branch": "",
                            "description": "Ellucian sync repo for banner_student_faculty_grade_entry_app",
                            "http_url_to_repo": "https://gitrepo.georgebrown.ca/ellucian_banner_apps/banner_student_faculty_grade_entry_app.git",
                            "id": "75",
                            "issues_enabled": "false",
                            "merge_requests_enabled": "true",
                            "name": "banner_student_faculty_grade_entry_app",
                            "namespace_id": "27",
                            "path": "banner_student_faculty_grade_entry_app",
                            "snippets_enabled": "false",
                            "ssh_url_to_repo": "ssh://git@gitrepo.georgebrown.ca:2222/ellucian_banner_apps/banner_student_faculty_grade_entry_app.git",
                            "visibility_level": "internal",
                            "web_url": "https://gitrepo.georgebrown.ca/ellucian_banner_apps/banner_student_faculty_grade_entry_app",
                            "wiki_enabled": "false"
                        },
                        "meta": {},
                        "tainted": false
                    },
                    "deposed": [],
                    "provider": "provider.gitlab"
                }
            },
            "depends_on": []
        },
        {
            "path": [
                "root",
                "banner_apps_banner_student_generalstudent_history_app"
            ],
            "outputs": {},
            "resources": {
                "gitlab_project.example": {
                    "type": "gitlab_project",
                    "depends_on": [],
                    "primary": {
                        "id": "65",
                        "attributes": {
                            "default_branch": "",
                            "description": "Ellucian sync repo for banner_student_generalstudent_history_app",
                            "http_url_to_repo": "https://gitrepo.georgebrown.ca/ellucian_banner_apps/banner_student_generalstudent_history_app.git",
                            "id": "65",
                            "issues_enabled": "false",
                            "merge_requests_enabled": "true",
                            "name": "banner_student_generalstudent_history_app",
                            "namespace_id": "27",
                            "path": "banner_student_generalstudent_history_app",
                            "snippets_enabled": "false",
                            "ssh_url_to_repo": "ssh://git@gitrepo.georgebrown.ca:2222/ellucian_banner_apps/banner_student_generalstudent_history_app.git",
                            "visibility_level": "internal",
                            "web_url": "https://gitrepo.georgebrown.ca/ellucian_banner_apps/banner_student_generalstudent_history_app",
                            "wiki_enabled": "false"
                        },
                        "meta": {},
                        "tainted": false
                    },
                    "deposed": [],
                    "provider": "provider.gitlab"
                }
            },
            "depends_on": []
        },
        {
            "path": [
                "root",
                "banner_apps_banner_student_overall_app"
            ],
            "outputs": {},
            "resources": {
                "gitlab_project.example": {
                    "type": "gitlab_project",
                    "depends_on": [],
                    "primary": {
                        "id": "64",
                        "attributes": {
                            "default_branch": "",
                            "description": "Ellucian sync repo for banner_student_overall_app",
                            "http_url_to_repo": "https://gitrepo.georgebrown.ca/ellucian_banner_apps/banner_student_overall_app.git",
                            "id": "64",
                            "issues_enabled": "false",
                            "merge_requests_enabled": "true",
                            "name": "banner_student_overall_app",
                            "namespace_id": "27",
                            "path": "banner_student_overall_app",
                            "snippets_enabled": "false",
                            "ssh_url_to_repo": "ssh://git@gitrepo.georgebrown.ca:2222/ellucian_banner_apps/banner_student_overall_app.git",
                            "visibility_level": "internal",
                            "web_url": "https://gitrepo.georgebrown.ca/ellucian_banner_apps/banner_student_overall_app",
                            "wiki_enabled": "false"
                        },
                        "meta": {},
                        "tainted": false
                    },
                    "deposed": [],
                    "provider": "provider.gitlab"
                }
            },
            "depends_on": []
        },
        {
            "path": [
                "root",
                "banner_apps_banner_student_registration_app"
            ],
            "outputs": {},
            "resources": {
                "gitlab_project.example": {
                    "type": "gitlab_project",
                    "depends_on": [],
                    "primary": {
                        "id": "86",
                        "attributes": {
                            "default_branch": "",
                            "description": "Ellucian sync repo for banner_student_registration_app",
                            "http_url_to_repo": "https://gitrepo.georgebrown.ca/ellucian_banner_apps/banner_student_registration_app.git",
                            "id": "86",
                            "issues_enabled": "false",
                            "merge_requests_enabled": "true",
                            "name": "banner_student_registration_app",
                            "namespace_id": "27",
                            "path": "banner_student_registration_app",
                            "snippets_enabled": "false",
                            "ssh_url_to_repo": "ssh://git@gitrepo.georgebrown.ca:2222/ellucian_banner_apps/banner_student_registration_app.git",
                            "visibility_level": "internal",
                            "web_url": "https://gitrepo.georgebrown.ca/ellucian_banner_apps/banner_student_registration_app",
                            "wiki_enabled": "false"
                        },
                        "meta": {},
                        "tainted": false
                    },
                    "deposed": [],
                    "provider": "provider.gitlab"
                }
            },
            "depends_on": []
        },
        {
            "path": [
                "root",
                "banner_apps_banner_student_registration_ssb_app"
            ],
            "outputs": {},
            "resources": {
                "gitlab_project.example": {
                    "type": "gitlab_project",
                    "depends_on": [],
                    "primary": {
                        "id": "78",
                        "attributes": {
                            "default_branch": "",
                            "description": "Ellucian sync repo for banner_student_registration_ssb_app",
                            "http_url_to_repo": "https://gitrepo.georgebrown.ca/ellucian_banner_apps/banner_student_registration_ssb_app.git",
                            "id": "78",
                            "issues_enabled": "false",
                            "merge_requests_enabled": "true",
                            "name": "banner_student_registration_ssb_app",
                            "namespace_id": "27",
                            "path": "banner_student_registration_ssb_app",
                            "snippets_enabled": "false",
                            "ssh_url_to_repo": "ssh://git@gitrepo.georgebrown.ca:2222/ellucian_banner_apps/banner_student_registration_ssb_app.git",
                            "visibility_level": "internal",
                            "web_url": "https://gitrepo.georgebrown.ca/ellucian_banner_apps/banner_student_registration_ssb_app",
                            "wiki_enabled": "false"
                        },
                        "meta": {},
                        "tainted": false
                    },
                    "deposed": [],
                    "provider": "provider.gitlab"
                }
            },
            "depends_on": []
        },
        {
            "path": [
                "root",
                "banner_apps_banner_student_schedule_app"
            ],
            "outputs": {},
            "resources": {
                "gitlab_project.example": {
                    "type": "gitlab_project",
                    "depends_on": [],
                    "primary": {
                        "id": "81",
                        "attributes": {
                            "default_branch": "",
                            "description": "Ellucian sync repo for banner_student_schedule_app",
                            "http_url_to_repo": "https://gitrepo.georgebrown.ca/ellucian_banner_apps/banner_student_schedule_app.git",
                            "id": "81",
                            "issues_enabled": "false",
                            "merge_requests_enabled": "true",
                            "name": "banner_student_schedule_app",
                            "namespace_id": "27",
                            "path": "banner_student_schedule_app",
                            "snippets_enabled": "false",
                            "ssh_url_to_repo": "ssh://git@gitrepo.georgebrown.ca:2222/ellucian_banner_apps/banner_student_schedule_app.git",
                            "visibility_level": "internal",
                            "web_url": "https://gitrepo.georgebrown.ca/ellucian_banner_apps/banner_student_schedule_app",
                            "wiki_enabled": "false"
                        },
                        "meta": {},
                        "tainted": false
                    },
                    "deposed": [],
                    "provider": "provider.gitlab"
                }
            },
            "depends_on": []
        },
        {
            "path": [
                "root",
                "banner_apps_banner_student_ssb_app"
            ],
            "outputs": {},
            "resources": {
                "gitlab_project.example": {
                    "type": "gitlab_project",
                    "depends_on": [],
                    "primary": {
                        "id": "72",
                        "attributes": {
                            "default_branch": "",
                            "description": "Ellucian sync repo for banner_student_ssb_app",
                            "http_url_to_repo": "https://gitrepo.georgebrown.ca/ellucian_banner_apps/banner_student_ssb_app.git",
                            "id": "72",
                            "issues_enabled": "false",
                            "merge_requests_enabled": "true",
                            "name": "banner_student_ssb_app",
                            "namespace_id": "27",
                            "path": "banner_student_ssb_app",
                            "snippets_enabled": "false",
                            "ssh_url_to_repo": "ssh://git@gitrepo.georgebrown.ca:2222/ellucian_banner_apps/banner_student_ssb_app.git",
                            "visibility_level": "internal",
                            "web_url": "https://gitrepo.georgebrown.ca/ellucian_banner_apps/banner_student_ssb_app",
                            "wiki_enabled": "false"
                        },
                        "meta": {},
                        "tainted": false
                    },
                    "deposed": [],
                    "provider": "provider.gitlab"
                }
            },
            "depends_on": []
        },
        {
            "path": [
                "root",
                "banner_apps_banner_student_success_api"
            ],
            "outputs": {},
            "resources": {
                "gitlab_project.example": {
                    "type": "gitlab_project",
                    "depends_on": [],
                    "primary": {
                        "id": "63",
                        "attributes": {
                            "default_branch": "",
                            "description": "Ellucian sync repo for banner_student_success_api",
                            "http_url_to_repo": "https://gitrepo.georgebrown.ca/ellucian_banner_apps/banner_student_success_api.git",
                            "id": "63",
                            "issues_enabled": "false",
                            "merge_requests_enabled": "true",
                            "name": "banner_student_success_api",
                            "namespace_id": "27",
                            "path": "banner_student_success_api",
                            "snippets_enabled": "false",
                            "ssh_url_to_repo": "ssh://git@gitrepo.georgebrown.ca:2222/ellucian_banner_apps/banner_student_success_api.git",
                            "visibility_level": "internal",
                            "web_url": "https://gitrepo.georgebrown.ca/ellucian_banner_apps/banner_student_success_api",
                            "wiki_enabled": "false"
                        },
                        "meta": {},
                        "tainted": false
                    },
                    "deposed": [],
                    "provider": "provider.gitlab"
                }
            },
            "depends_on": []
        },
        {
            "path": [
                "root",
                "banner_pages_alumni"
            ],
            "outputs": {},
            "resources": {
                "gitlab_project.example": {
                    "type": "gitlab_project",
                    "depends_on": [],
                    "primary": {
                        "id": "91",
                        "attributes": {
                            "default_branch": "",
                            "description": "Ellucian sync repo for alumni",
                            "http_url_to_repo": "https://gitrepo.georgebrown.ca/ellucian_banner_pages/alumni.git",
                            "id": "91",
                            "issues_enabled": "false",
                            "merge_requests_enabled": "true",
                            "name": "alumni",
                            "namespace_id": "28",
                            "path": "alumni",
                            "snippets_enabled": "false",
                            "ssh_url_to_repo": "ssh://git@gitrepo.georgebrown.ca:2222/ellucian_banner_pages/alumni.git",
                            "visibility_level": "internal",
                            "web_url": "https://gitrepo.georgebrown.ca/ellucian_banner_pages/alumni",
                            "wiki_enabled": "false"
                        },
                        "meta": {},
                        "tainted": false
                    },
                    "deposed": [],
                    "provider": "provider.gitlab"
                }
            },
            "depends_on": []
        },
        {
            "path": [
                "root",
                "banner_pages_arsys"
            ],
            "outputs": {},
            "resources": {
                "gitlab_project.example": {
                    "type": "gitlab_project",
                    "depends_on": [],
                    "primary": {
                        "id": "98",
                        "attributes": {
                            "default_branch": "",
                            "description": "Ellucian sync repo for arsys",
                            "http_url_to_repo": "https://gitrepo.georgebrown.ca/ellucian_banner_pages/arsys.git",
                            "id": "98",
                            "issues_enabled": "false",
                            "merge_requests_enabled": "true",
                            "name": "arsys",
                            "namespace_id": "28",
                            "path": "arsys",
                            "snippets_enabled": "false",
                            "ssh_url_to_repo": "ssh://git@gitrepo.georgebrown.ca:2222/ellucian_banner_pages/arsys.git",
                            "visibility_level": "internal",
                            "web_url": "https://gitrepo.georgebrown.ca/ellucian_banner_pages/arsys",
                            "wiki_enabled": "false"
                        },
                        "meta": {},
                        "tainted": false
                    },
                    "deposed": [],
                    "provider": "provider.gitlab"
                }
            },
            "depends_on": []
        },
        {
            "path": [
                "root",
                "banner_pages_base"
            ],
            "outputs": {},
            "resources": {
                "gitlab_project.example": {
                    "type": "gitlab_project",
                    "depends_on": [],
                    "primary": {
                        "id": "101",
                        "attributes": {
                            "default_branch": "",
                            "description": "Ellucian sync repo for base",
                            "http_url_to_repo": "https://gitrepo.georgebrown.ca/ellucian_banner_pages/base.git",
                            "id": "101",
                            "issues_enabled": "false",
                            "merge_requests_enabled": "true",
                            "name": "base",
                            "namespace_id": "28",
                            "path": "base",
                            "snippets_enabled": "false",
                            "ssh_url_to_repo": "ssh://git@gitrepo.georgebrown.ca:2222/ellucian_banner_pages/base.git",
                            "visibility_level": "internal",
                            "web_url": "https://gitrepo.georgebrown.ca/ellucian_banner_pages/base",
                            "wiki_enabled": "false"
                        },
                        "meta": {},
                        "tainted": false
                    },
                    "deposed": [],
                    "provider": "provider.gitlab"
                }
            },
            "depends_on": []
        },
        {
            "path": [
                "root",
                "banner_pages_bdr"
            ],
            "outputs": {},
            "resources": {
                "gitlab_project.example": {
                    "type": "gitlab_project",
                    "depends_on": [],
                    "primary": {
                        "id": "96",
                        "attributes": {
                            "default_branch": "",
                            "description": "Ellucian sync repo for bdr",
                            "http_url_to_repo": "https://gitrepo.georgebrown.ca/ellucian_banner_pages/bdr.git",
                            "id": "96",
                            "issues_enabled": "false",
                            "merge_requests_enabled": "true",
                            "name": "bdr",
                            "namespace_id": "28",
                            "path": "bdr",
                            "snippets_enabled": "false",
                            "ssh_url_to_repo": "ssh://git@gitrepo.georgebrown.ca:2222/ellucian_banner_pages/bdr.git",
                            "visibility_level": "internal",
                            "web_url": "https://gitrepo.georgebrown.ca/ellucian_banner_pages/bdr",
                            "wiki_enabled": "false"
                        },
                        "meta": {},
                        "tainted": false
                    },
                    "deposed": [],
                    "provider": "provider.gitlab"
                }
            },
            "depends_on": []
        },
        {
            "path": [
                "root",
                "banner_pages_build"
            ],
            "outputs": {},
            "resources": {
                "gitlab_project.example": {
                    "type": "gitlab_project",
                    "depends_on": [],
                    "primary": {
                        "id": "106",
                        "attributes": {
                            "default_branch": "",
                            "description": "Ellucian sync repo for build",
                            "http_url_to_repo": "https://gitrepo.georgebrown.ca/ellucian_banner_pages/build.git",
                            "id": "106",
                            "issues_enabled": "false",
                            "merge_requests_enabled": "true",
                            "name": "build",
                            "namespace_id": "28",
                            "path": "build",
                            "snippets_enabled": "false",
                            "ssh_url_to_repo": "ssh://git@gitrepo.georgebrown.ca:2222/ellucian_banner_pages/build.git",
                            "visibility_level": "internal",
                            "web_url": "https://gitrepo.georgebrown.ca/ellucian_banner_pages/build",
                            "wiki_enabled": "false"
                        },
                        "meta": {},
                        "tainted": false
                    },
                    "deposed": [],
                    "provider": "provider.gitlab"
                }
            },
            "depends_on": []
        },
        {
            "path": [
                "root",
                "banner_pages_common"
            ],
            "outputs": {},
            "resources": {
                "gitlab_project.example": {
                    "type": "gitlab_project",
                    "depends_on": [],
                    "primary": {
                        "id": "97",
                        "attributes": {
                            "default_branch": "",
                            "description": "Ellucian sync repo for common",
                            "http_url_to_repo": "https://gitrepo.georgebrown.ca/ellucian_banner_pages/common.git",
                            "id": "97",
                            "issues_enabled": "false",
                            "merge_requests_enabled": "true",
                            "name": "common",
                            "namespace_id": "28",
                            "path": "common",
                            "snippets_enabled": "false",
                            "ssh_url_to_repo": "ssh://git@gitrepo.georgebrown.ca:2222/ellucian_banner_pages/common.git",
                            "visibility_level": "internal",
                            "web_url": "https://gitrepo.georgebrown.ca/ellucian_banner_pages/common",
                            "wiki_enabled": "false"
                        },
                        "meta": {},
                        "tainted": false
                    },
                    "deposed": [],
                    "provider": "provider.gitlab"
                }
            },
            "depends_on": []
        },
        {
            "path": [
                "root",
                "banner_pages_extsol"
            ],
            "outputs": {},
            "resources": {
                "gitlab_project.example": {
                    "type": "gitlab_project",
                    "depends_on": [],
                    "primary": {
                        "id": "100",
                        "attributes": {
                            "default_branch": "",
                            "description": "Ellucian sync repo for extsol",
                            "http_url_to_repo": "https://gitrepo.georgebrown.ca/ellucian_banner_pages/extsol.git",
                            "id": "100",
                            "issues_enabled": "false",
                            "merge_requests_enabled": "true",
                            "name": "extsol",
                            "namespace_id": "28",
                            "path": "extsol",
                            "snippets_enabled": "false",
                            "ssh_url_to_repo": "ssh://git@gitrepo.georgebrown.ca:2222/ellucian_banner_pages/extsol.git",
                            "visibility_level": "internal",
                            "web_url": "https://gitrepo.georgebrown.ca/ellucian_banner_pages/extsol",
                            "wiki_enabled": "false"
                        },
                        "meta": {},
                        "tainted": false
                    },
                    "deposed": [],
                    "provider": "provider.gitlab"
                }
            },
            "depends_on": []
        },
        {
            "path": [
                "root",
                "banner_pages_finaid"
            ],
            "outputs": {},
            "resources": {
                "gitlab_project.example": {
                    "type": "gitlab_project",
                    "depends_on": [],
                    "primary": {
                        "id": "105",
                        "attributes": {
                            "default_branch": "",
                            "description": "Ellucian sync repo for finaid",
                            "http_url_to_repo": "https://gitrepo.georgebrown.ca/ellucian_banner_pages/finaid.git",
                            "id": "105",
                            "issues_enabled": "false",
                            "merge_requests_enabled": "true",
                            "name": "finaid",
                            "namespace_id": "28",
                            "path": "finaid",
                            "snippets_enabled": "false",
                            "ssh_url_to_repo": "ssh://git@gitrepo.georgebrown.ca:2222/ellucian_banner_pages/finaid.git",
                            "visibility_level": "internal",
                            "web_url": "https://gitrepo.georgebrown.ca/ellucian_banner_pages/finaid",
                            "wiki_enabled": "false"
                        },
                        "meta": {},
                        "tainted": false
                    },
                    "deposed": [],
                    "provider": "provider.gitlab"
                }
            },
            "depends_on": []
        },
        {
            "path": [
                "root",
                "banner_pages_finance"
            ],
            "outputs": {},
            "resources": {
                "gitlab_project.example": {
                    "type": "gitlab_project",
                    "depends_on": [],
                    "primary": {
                        "id": "102",
                        "attributes": {
                            "default_branch": "",
                            "description": "Ellucian sync repo for finance",
                            "http_url_to_repo": "https://gitrepo.georgebrown.ca/ellucian_banner_pages/finance.git",
                            "id": "102",
                            "issues_enabled": "false",
                            "merge_requests_enabled": "true",
                            "name": "finance",
                            "namespace_id": "28",
                            "path": "finance",
                            "snippets_enabled": "false",
                            "ssh_url_to_repo": "ssh://git@gitrepo.georgebrown.ca:2222/ellucian_banner_pages/finance.git",
                            "visibility_level": "internal",
                            "web_url": "https://gitrepo.georgebrown.ca/ellucian_banner_pages/finance",
                            "wiki_enabled": "false"
                        },
                        "meta": {},
                        "tainted": false
                    },
                    "deposed": [],
                    "provider": "provider.gitlab"
                }
            },
            "depends_on": []
        },
        {
            "path": [
                "root",
                "banner_pages_general"
            ],
            "outputs": {},
            "resources": {
                "gitlab_project.example": {
                    "type": "gitlab_project",
                    "depends_on": [],
                    "primary": {
                        "id": "93",
                        "attributes": {
                            "default_branch": "",
                            "description": "Ellucian sync repo for general",
                            "http_url_to_repo": "https://gitrepo.georgebrown.ca/ellucian_banner_pages/general.git",
                            "id": "93",
                            "issues_enabled": "false",
                            "merge_requests_enabled": "true",
                            "name": "general",
                            "namespace_id": "28",
                            "path": "general",
                            "snippets_enabled": "false",
                            "ssh_url_to_repo": "ssh://git@gitrepo.georgebrown.ca:2222/ellucian_banner_pages/general.git",
                            "visibility_level": "internal",
                            "web_url": "https://gitrepo.georgebrown.ca/ellucian_banner_pages/general",
                            "wiki_enabled": "false"
                        },
                        "meta": {},
                        "tainted": false
                    },
                    "deposed": [],
                    "provider": "provider.gitlab"
                }
            },
            "depends_on": []
        },
        {
            "path": [
                "root",
                "banner_pages_payroll"
            ],
            "outputs": {},
            "resources": {
                "gitlab_project.example": {
                    "type": "gitlab_project",
                    "depends_on": [],
                    "primary": {
                        "id": "92",
                        "attributes": {
                            "default_branch": "",
                            "description": "Ellucian sync repo for payroll",
                            "http_url_to_repo": "https://gitrepo.georgebrown.ca/ellucian_banner_pages/payroll.git",
                            "id": "92",
                            "issues_enabled": "false",
                            "merge_requests_enabled": "true",
                            "name": "payroll",
                            "namespace_id": "28",
                            "path": "payroll",
                            "snippets_enabled": "false",
                            "ssh_url_to_repo": "ssh://git@gitrepo.georgebrown.ca:2222/ellucian_banner_pages/payroll.git",
                            "visibility_level": "internal",
                            "web_url": "https://gitrepo.georgebrown.ca/ellucian_banner_pages/payroll",
                            "wiki_enabled": "false"
                        },
                        "meta": {},
                        "tainted": false
                    },
                    "deposed": [],
                    "provider": "provider.gitlab"
                }
            },
            "depends_on": []
        },
        {
            "path": [
                "root",
                "banner_pages_positioncontrol"
            ],
            "outputs": {},
            "resources": {
                "gitlab_project.example": {
                    "type": "gitlab_project",
                    "depends_on": [],
                    "primary": {
                        "id": "103",
                        "attributes": {
                            "default_branch": "",
                            "description": "Ellucian sync repo for positioncontrol",
                            "http_url_to_repo": "https://gitrepo.georgebrown.ca/ellucian_banner_pages/positioncontrol.git",
                            "id": "103",
                            "issues_enabled": "false",
                            "merge_requests_enabled": "true",
                            "name": "positioncontrol",
                            "namespace_id": "28",
                            "path": "positioncontrol",
                            "snippets_enabled": "false",
                            "ssh_url_to_repo": "ssh://git@gitrepo.georgebrown.ca:2222/ellucian_banner_pages/positioncontrol.git",
                            "visibility_level": "internal",
                            "web_url": "https://gitrepo.georgebrown.ca/ellucian_banner_pages/positioncontrol",
                            "wiki_enabled": "false"
                        },
                        "meta": {},
                        "tainted": false
                    },
                    "deposed": [],
                    "provider": "provider.gitlab"
                }
            },
            "depends_on": []
        },
        {
            "path": [
                "root",
                "banner_pages_reports"
            ],
            "outputs": {},
            "resources": {
                "gitlab_project.example": {
                    "type": "gitlab_project",
                    "depends_on": [],
                    "primary": {
                        "id": "99",
                        "attributes": {
                            "default_branch": "",
                            "description": "Ellucian sync repo for reports",
                            "http_url_to_repo": "https://gitrepo.georgebrown.ca/ellucian_banner_pages/reports.git",
                            "id": "99",
                            "issues_enabled": "false",
                            "merge_requests_enabled": "true",
                            "name": "reports",
                            "namespace_id": "28",
                            "path": "reports",
                            "snippets_enabled": "false",
                            "ssh_url_to_repo": "ssh://git@gitrepo.georgebrown.ca:2222/ellucian_banner_pages/reports.git",
                            "visibility_level": "internal",
                            "web_url": "https://gitrepo.georgebrown.ca/ellucian_banner_pages/reports",
                            "wiki_enabled": "false"
                        },
                        "meta": {},
                        "tainted": false
                    },
                    "deposed": [],
                    "provider": "provider.gitlab"
                }
            },
            "depends_on": []
        },
        {
            "path": [
                "root",
                "banner_pages_student"
            ],
            "outputs": {},
            "resources": {
                "gitlab_project.example": {
                    "type": "gitlab_project",
                    "depends_on": [],
                    "primary": {
                        "id": "95",
                        "attributes": {
                            "default_branch": "",
                            "description": "Ellucian sync repo for student",
                            "http_url_to_repo": "https://gitrepo.georgebrown.ca/ellucian_banner_pages/student.git",
                            "id": "95",
                            "issues_enabled": "false",
                            "merge_requests_enabled": "true",
                            "name": "student",
                            "namespace_id": "28",
                            "path": "student",
                            "snippets_enabled": "false",
                            "ssh_url_to_repo": "ssh://git@gitrepo.georgebrown.ca:2222/ellucian_banner_pages/student.git",
                            "visibility_level": "internal",
                            "web_url": "https://gitrepo.georgebrown.ca/ellucian_banner_pages/student",
                            "wiki_enabled": "false"
                        },
                        "meta": {},
                        "tainted": false
                    },
                    "deposed": [],
                    "provider": "provider.gitlab"
                }
            },
            "depends_on": []
        },
        {
            "path": [
                "root",
                "banner_pages_studentaid"
            ],
            "outputs": {},
            "resources": {
                "gitlab_project.example": {
                    "type": "gitlab_project",
                    "depends_on": [],
                    "primary": {
                        "id": "94",
                        "attributes": {
                            "default_branch": "",
                            "description": "Ellucian sync repo for studentaid",
                            "http_url_to_repo": "https://gitrepo.georgebrown.ca/ellucian_banner_pages/studentaid.git",
                            "id": "94",
                            "issues_enabled": "false",
                            "merge_requests_enabled": "true",
                            "name": "studentaid",
                            "namespace_id": "28",
                            "path": "studentaid",
                            "snippets_enabled": "false",
                            "ssh_url_to_repo": "ssh://git@gitrepo.georgebrown.ca:2222/ellucian_banner_pages/studentaid.git",
                            "visibility_level": "internal",
                            "web_url": "https://gitrepo.georgebrown.ca/ellucian_banner_pages/studentaid",
                            "wiki_enabled": "false"
                        },
                        "meta": {},
                        "tainted": false
                    },
                    "deposed": [],
                    "provider": "provider.gitlab"
                }
            },
            "depends_on": []
        },
        {
            "path": [
                "root",
                "banner_pages_workspace"
            ],
            "outputs": {},
            "resources": {
                "gitlab_project.example": {
                    "type": "gitlab_project",
                    "depends_on": [],
                    "primary": {
                        "id": "104",
                        "attributes": {
                            "default_branch": "",
                            "description": "Ellucian sync repo for workspace",
                            "http_url_to_repo": "https://gitrepo.georgebrown.ca/ellucian_banner_pages/workspace.git",
                            "id": "104",
                            "issues_enabled": "false",
                            "merge_requests_enabled": "true",
                            "name": "workspace",
                            "namespace_id": "28",
                            "path": "workspace",
                            "snippets_enabled": "false",
                            "ssh_url_to_repo": "ssh://git@gitrepo.georgebrown.ca:2222/ellucian_banner_pages/workspace.git",
                            "visibility_level": "internal",
                            "web_url": "https://gitrepo.georgebrown.ca/ellucian_banner_pages/workspace",
                            "wiki_enabled": "false"
                        },
                        "meta": {},
                        "tainted": false
                    },
                    "deposed": [],
                    "provider": "provider.gitlab"
                }
            },
            "depends_on": []
        },
        {
            "path": [
                "root",
                "banner_plugins_banner-api"
            ],
            "outputs": {},
            "resources": {
                "gitlab_project.example": {
                    "type": "gitlab_project",
                    "depends_on": [],
                    "primary": {
                        "id": "115",
                        "attributes": {
                            "default_branch": "",
                            "description": "Ellucian sync repo for banner-api",
                            "http_url_to_repo": "https://gitrepo.georgebrown.ca/ellucian_banner_plugins/banner-api.git",
                            "id": "115",
                            "issues_enabled": "false",
                            "merge_requests_enabled": "true",
                            "name": "banner-api",
                            "namespace_id": "30",
                            "path": "banner-api",
                            "snippets_enabled": "false",
                            "ssh_url_to_repo": "ssh://git@gitrepo.georgebrown.ca:2222/ellucian_banner_plugins/banner-api.git",
                            "visibility_level": "internal",
                            "web_url": "https://gitrepo.georgebrown.ca/ellucian_banner_plugins/banner-api",
                            "wiki_enabled": "false"
                        },
                        "meta": {},
                        "tainted": false
                    },
                    "deposed": [],
                    "provider": "provider.gitlab"
                }
            },
            "depends_on": []
        },
        {
            "path": [
                "root",
                "banner_plugins_banner-restful-api-support"
            ],
            "outputs": {},
            "resources": {
                "gitlab_project.example": {
                    "type": "gitlab_project",
                    "depends_on": [],
                    "primary": {
                        "id": "130",
                        "attributes": {
                            "default_branch": "",
                            "description": "Ellucian sync repo for banner-restful-api-support",
                            "http_url_to_repo": "https://gitrepo.georgebrown.ca/ellucian_banner_plugins/banner-restful-api-support.git",
                            "id": "130",
                            "issues_enabled": "false",
                            "merge_requests_enabled": "true",
                            "name": "banner-restful-api-support",
                            "namespace_id": "30",
                            "path": "banner-restful-api-support",
                            "snippets_enabled": "false",
                            "ssh_url_to_repo": "ssh://git@gitrepo.georgebrown.ca:2222/ellucian_banner_plugins/banner-restful-api-support.git",
                            "visibility_level": "internal",
                            "web_url": "https://gitrepo.georgebrown.ca/ellucian_banner_plugins/banner-restful-api-support",
                            "wiki_enabled": "false"
                        },
                        "meta": {},
                        "tainted": false
                    },
                    "deposed": [],
                    "provider": "provider.gitlab"
                }
            },
            "depends_on": []
        },
        {
            "path": [
                "root",
                "banner_plugins_banner_accountsreceivable_common"
            ],
            "outputs": {},
            "resources": {
                "gitlab_project.example": {
                    "type": "gitlab_project",
                    "depends_on": [],
                    "primary": {
                        "id": "158",
                        "attributes": {
                            "default_branch": "",
                            "description": "Ellucian sync repo for banner_accountsreceivable_common",
                            "http_url_to_repo": "https://gitrepo.georgebrown.ca/ellucian_banner_plugins/banner_accountsreceivable_common.git",
                            "id": "158",
                            "issues_enabled": "false",
                            "merge_requests_enabled": "true",
                            "name": "banner_accountsreceivable_common",
                            "namespace_id": "30",
                            "path": "banner_accountsreceivable_common",
                            "snippets_enabled": "false",
                            "ssh_url_to_repo": "ssh://git@gitrepo.georgebrown.ca:2222/ellucian_banner_plugins/banner_accountsreceivable_common.git",
                            "visibility_level": "internal",
                            "web_url": "https://gitrepo.georgebrown.ca/ellucian_banner_plugins/banner_accountsreceivable_common",
                            "wiki_enabled": "false"
                        },
                        "meta": {},
                        "tainted": false
                    },
                    "deposed": [],
                    "provider": "provider.gitlab"
                }
            },
            "depends_on": []
        },
        {
            "path": [
                "root",
                "banner_plugins_banner_accountsreceivable_validation_common"
            ],
            "outputs": {},
            "resources": {
                "gitlab_project.example": {
                    "type": "gitlab_project",
                    "depends_on": [],
                    "primary": {
                        "id": "145",
                        "attributes": {
                            "default_branch": "",
                            "description": "Ellucian sync repo for banner_accountsreceivable_validation_common",
                            "http_url_to_repo": "https://gitrepo.georgebrown.ca/ellucian_banner_plugins/banner_accountsreceivable_validation_common.git",
                            "id": "145",
                            "issues_enabled": "false",
                            "merge_requests_enabled": "true",
                            "name": "banner_accountsreceivable_validation_common",
                            "namespace_id": "30",
                            "path": "banner_accountsreceivable_validation_common",
                            "snippets_enabled": "false",
                            "ssh_url_to_repo": "ssh://git@gitrepo.georgebrown.ca:2222/ellucian_banner_plugins/banner_accountsreceivable_validation_common.git",
                            "visibility_level": "internal",
                            "web_url": "https://gitrepo.georgebrown.ca/ellucian_banner_plugins/banner_accountsreceivable_validation_common",
                            "wiki_enabled": "false"
                        },
                        "meta": {},
                        "tainted": false
                    },
                    "deposed": [],
                    "provider": "provider.gitlab"
                }
            },
            "depends_on": []
        },
        {
            "path": [
                "root",
                "banner_plugins_banner_aurora"
            ],
            "outputs": {},
            "resources": {
                "gitlab_project.example": {
                    "type": "gitlab_project",
                    "depends_on": [],
                    "primary": {
                        "id": "171",
                        "attributes": {
                            "default_branch": "",
                            "description": "Ellucian sync repo for banner_aurora",
                            "http_url_to_repo": "https://gitrepo.georgebrown.ca/ellucian_banner_plugins/banner_aurora.git",
                            "id": "171",
                            "issues_enabled": "false",
                            "merge_requests_enabled": "true",
                            "name": "banner_aurora",
                            "namespace_id": "30",
                            "path": "banner_aurora",
                            "snippets_enabled": "false",
                            "ssh_url_to_repo": "ssh://git@gitrepo.georgebrown.ca:2222/ellucian_banner_plugins/banner_aurora.git",
                            "visibility_level": "internal",
                            "web_url": "https://gitrepo.georgebrown.ca/ellucian_banner_plugins/banner_aurora",
                            "wiki_enabled": "false"
                        },
                        "meta": {},
                        "tainted": false
                    },
                    "deposed": [],
                    "provider": "provider.gitlab"
                }
            },
            "depends_on": []
        },
        {
            "path": [
                "root",
                "banner_plugins_banner_baseline_dbupgrade"
            ],
            "outputs": {},
            "resources": {
                "gitlab_project.example": {
                    "type": "gitlab_project",
                    "depends_on": [],
                    "primary": {
                        "id": "133",
                        "attributes": {
                            "default_branch": "",
                            "description": "Ellucian sync repo for banner_baseline_dbupgrade",
                            "http_url_to_repo": "https://gitrepo.georgebrown.ca/ellucian_banner_plugins/banner_baseline_dbupgrade.git",
                            "id": "133",
                            "issues_enabled": "false",
                            "merge_requests_enabled": "true",
                            "name": "banner_baseline_dbupgrade",
                            "namespace_id": "30",
                            "path": "banner_baseline_dbupgrade",
                            "snippets_enabled": "false",
                            "ssh_url_to_repo": "ssh://git@gitrepo.georgebrown.ca:2222/ellucian_banner_plugins/banner_baseline_dbupgrade.git",
                            "visibility_level": "internal",
                            "web_url": "https://gitrepo.georgebrown.ca/ellucian_banner_plugins/banner_baseline_dbupgrade",
                            "wiki_enabled": "false"
                        },
                        "meta": {},
                        "tainted": false
                    },
                    "deposed": [],
                    "provider": "provider.gitlab"
                }
            },
            "depends_on": []
        },
        {
            "path": [
                "root",
                "banner_plugins_banner_codenarc"
            ],
            "outputs": {},
            "resources": {
                "gitlab_project.example": {
                    "type": "gitlab_project",
                    "depends_on": [],
                    "primary": {
                        "id": "110",
                        "attributes": {
                            "default_branch": "",
                            "description": "Ellucian sync repo for banner_codenarc",
                            "http_url_to_repo": "https://gitrepo.georgebrown.ca/ellucian_banner_plugins/banner_codenarc.git",
                            "id": "110",
                            "issues_enabled": "false",
                            "merge_requests_enabled": "true",
                            "name": "banner_codenarc",
                            "namespace_id": "30",
                            "path": "banner_codenarc",
                            "snippets_enabled": "false",
                            "ssh_url_to_repo": "ssh://git@gitrepo.georgebrown.ca:2222/ellucian_banner_plugins/banner_codenarc.git",
                            "visibility_level": "internal",
                            "web_url": "https://gitrepo.georgebrown.ca/ellucian_banner_plugins/banner_codenarc",
                            "wiki_enabled": "false"
                        },
                        "meta": {},
                        "tainted": false
                    },
                    "deposed": [],
                    "provider": "provider.gitlab"
                }
            },
            "depends_on": []
        },
        {
            "path": [
                "root",
                "banner_plugins_banner_common_api"
            ],
            "outputs": {},
            "resources": {
                "gitlab_project.example": {
                    "type": "gitlab_project",
                    "depends_on": [],
                    "primary": {
                        "id": "127",
                        "attributes": {
                            "default_branch": "",
                            "description": "Ellucian sync repo for banner_common_api",
                            "http_url_to_repo": "https://gitrepo.georgebrown.ca/ellucian_banner_plugins/banner_common_api.git",
                            "id": "127",
                            "issues_enabled": "false",
                            "merge_requests_enabled": "true",
                            "name": "banner_common_api",
                            "namespace_id": "30",
                            "path": "banner_common_api",
                            "snippets_enabled": "false",
                            "ssh_url_to_repo": "ssh://git@gitrepo.georgebrown.ca:2222/ellucian_banner_plugins/banner_common_api.git",
                            "visibility_level": "internal",
                            "web_url": "https://gitrepo.georgebrown.ca/ellucian_banner_plugins/banner_common_api",
                            "wiki_enabled": "false"
                        },
                        "meta": {},
                        "tainted": false
                    },
                    "deposed": [],
                    "provider": "provider.gitlab"
                }
            },
            "depends_on": []
        },
        {
            "path": [
                "root",
                "banner_plugins_banner_core"
            ],
            "outputs": {},
            "resources": {
                "gitlab_project.example": {
                    "type": "gitlab_project",
                    "depends_on": [],
                    "primary": {
                        "id": "169",
                        "attributes": {
                            "default_branch": "",
                            "description": "Ellucian sync repo for banner_core",
                            "http_url_to_repo": "https://gitrepo.georgebrown.ca/ellucian_banner_plugins/banner_core.git",
                            "id": "169",
                            "issues_enabled": "false",
                            "merge_requests_enabled": "true",
                            "name": "banner_core",
                            "namespace_id": "30",
                            "path": "banner_core",
                            "snippets_enabled": "false",
                            "ssh_url_to_repo": "ssh://git@gitrepo.georgebrown.ca:2222/ellucian_banner_plugins/banner_core.git",
                            "visibility_level": "internal",
                            "web_url": "https://gitrepo.georgebrown.ca/ellucian_banner_plugins/banner_core",
                            "wiki_enabled": "false"
                        },
                        "meta": {},
                        "tainted": false
                    },
                    "deposed": [],
                    "provider": "provider.gitlab"
                }
            },
            "depends_on": []
        },
        {
            "path": [
                "root",
                "banner_plugins_banner_db_main"
            ],
            "outputs": {},
            "resources": {
                "gitlab_project.example": {
                    "type": "gitlab_project",
                    "depends_on": [],
                    "primary": {
                        "id": "131",
                        "attributes": {
                            "default_branch": "",
                            "description": "Ellucian sync repo for banner_db_main",
                            "http_url_to_repo": "https://gitrepo.georgebrown.ca/ellucian_banner_plugins/banner_db_main.git",
                            "id": "131",
                            "issues_enabled": "false",
                            "merge_requests_enabled": "true",
                            "name": "banner_db_main",
                            "namespace_id": "30",
                            "path": "banner_db_main",
                            "snippets_enabled": "false",
                            "ssh_url_to_repo": "ssh://git@gitrepo.georgebrown.ca:2222/ellucian_banner_plugins/banner_db_main.git",
                            "visibility_level": "internal",
                            "web_url": "https://gitrepo.georgebrown.ca/ellucian_banner_plugins/banner_db_main",
                            "wiki_enabled": "false"
                        },
                        "meta": {},
                        "tainted": false
                    },
                    "deposed": [],
                    "provider": "provider.gitlab"
                }
            },
            "depends_on": []
        },
        {
            "path": [
                "root",
                "banner_plugins_banner_document_management"
            ],
            "outputs": {},
            "resources": {
                "gitlab_project.example": {
                    "type": "gitlab_project",
                    "depends_on": [],
                    "primary": {
                        "id": "113",
                        "attributes": {
                            "default_branch": "",
                            "description": "Ellucian sync repo for banner_document_management",
                            "http_url_to_repo": "https://gitrepo.georgebrown.ca/ellucian_banner_plugins/banner_document_management.git",
                            "id": "113",
                            "issues_enabled": "false",
                            "merge_requests_enabled": "true",
                            "name": "banner_document_management",
                            "namespace_id": "30",
                            "path": "banner_document_management",
                            "snippets_enabled": "false",
                            "ssh_url_to_repo": "ssh://git@gitrepo.georgebrown.ca:2222/ellucian_banner_plugins/banner_document_management.git",
                            "visibility_level": "internal",
                            "web_url": "https://gitrepo.georgebrown.ca/ellucian_banner_plugins/banner_document_management",
                            "wiki_enabled": "false"
                        },
                        "meta": {},
                        "tainted": false
                    },
                    "deposed": [],
                    "provider": "provider.gitlab"
                }
            },
            "depends_on": []
        },
        {
            "path": [
                "root",
                "banner_plugins_banner_finaid_validation"
            ],
            "outputs": {},
            "resources": {
                "gitlab_project.example": {
                    "type": "gitlab_project",
                    "depends_on": [],
                    "primary": {
                        "id": "134",
                        "attributes": {
                            "default_branch": "",
                            "description": "Ellucian sync repo for banner_finaid_validation",
                            "http_url_to_repo": "https://gitrepo.georgebrown.ca/ellucian_banner_plugins/banner_finaid_validation.git",
                            "id": "134",
                            "issues_enabled": "false",
                            "merge_requests_enabled": "true",
                            "name": "banner_finaid_validation",
                            "namespace_id": "30",
                            "path": "banner_finaid_validation",
                            "snippets_enabled": "false",
                            "ssh_url_to_repo": "ssh://git@gitrepo.georgebrown.ca:2222/ellucian_banner_plugins/banner_finaid_validation.git",
                            "visibility_level": "internal",
                            "web_url": "https://gitrepo.georgebrown.ca/ellucian_banner_plugins/banner_finaid_validation",
                            "wiki_enabled": "false"
                        },
                        "meta": {},
                        "tainted": false
                    },
                    "deposed": [],
                    "provider": "provider.gitlab"
                }
            },
            "depends_on": []
        },
        {
            "path": [
                "root",
                "banner_plugins_banner_finance_api"
            ],
            "outputs": {},
            "resources": {
                "gitlab_project.example": {
                    "type": "gitlab_project",
                    "depends_on": [],
                    "primary": {
                        "id": "137",
                        "attributes": {
                            "default_branch": "",
                            "description": "Ellucian sync repo for banner_finance_api",
                            "http_url_to_repo": "https://gitrepo.georgebrown.ca/ellucian_banner_plugins/banner_finance_api.git",
                            "id": "137",
                            "issues_enabled": "false",
                            "merge_requests_enabled": "true",
                            "name": "banner_finance_api",
                            "namespace_id": "30",
                            "path": "banner_finance_api",
                            "snippets_enabled": "false",
                            "ssh_url_to_repo": "ssh://git@gitrepo.georgebrown.ca:2222/ellucian_banner_plugins/banner_finance_api.git",
                            "visibility_level": "internal",
                            "web_url": "https://gitrepo.georgebrown.ca/ellucian_banner_plugins/banner_finance_api",
                            "wiki_enabled": "false"
                        },
                        "meta": {},
                        "tainted": false
                    },
                    "deposed": [],
                    "provider": "provider.gitlab"
                }
            },
            "depends_on": []
        },
        {
            "path": [
                "root",
                "banner_plugins_banner_finance_budget_availability"
            ],
            "outputs": {},
            "resources": {
                "gitlab_project.example": {
                    "type": "gitlab_project",
                    "depends_on": [],
                    "primary": {
                        "id": "129",
                        "attributes": {
                            "default_branch": "",
                            "description": "Ellucian sync repo for banner_finance_budget_availability",
                            "http_url_to_repo": "https://gitrepo.georgebrown.ca/ellucian_banner_plugins/banner_finance_budget_availability.git",
                            "id": "129",
                            "issues_enabled": "false",
                            "merge_requests_enabled": "true",
                            "name": "banner_finance_budget_availability",
                            "namespace_id": "30",
                            "path": "banner_finance_budget_availability",
                            "snippets_enabled": "false",
                            "ssh_url_to_repo": "ssh://git@gitrepo.georgebrown.ca:2222/ellucian_banner_plugins/banner_finance_budget_availability.git",
                            "visibility_level": "internal",
                            "web_url": "https://gitrepo.georgebrown.ca/ellucian_banner_plugins/banner_finance_budget_availability",
                            "wiki_enabled": "false"
                        },
                        "meta": {},
                        "tainted": false
                    },
                    "deposed": [],
                    "provider": "provider.gitlab"
                }
            },
            "depends_on": []
        },
        {
            "path": [
                "root",
                "banner_plugins_banner_finance_budget_availability_ui"
            ],
            "outputs": {},
            "resources": {
                "gitlab_project.example": {
                    "type": "gitlab_project",
                    "depends_on": [],
                    "primary": {
                        "id": "139",
                        "attributes": {
                            "default_branch": "",
                            "description": "Ellucian sync repo for banner_finance_budget_availability_ui",
                            "http_url_to_repo": "https://gitrepo.georgebrown.ca/ellucian_banner_plugins/banner_finance_budget_availability_ui.git",
                            "id": "139",
                            "issues_enabled": "false",
                            "merge_requests_enabled": "true",
                            "name": "banner_finance_budget_availability_ui",
                            "namespace_id": "30",
                            "path": "banner_finance_budget_availability_ui",
                            "snippets_enabled": "false",
                            "ssh_url_to_repo": "ssh://git@gitrepo.georgebrown.ca:2222/ellucian_banner_plugins/banner_finance_budget_availability_ui.git",
                            "visibility_level": "internal",
                            "web_url": "https://gitrepo.georgebrown.ca/ellucian_banner_plugins/banner_finance_budget_availability_ui",
                            "wiki_enabled": "false"
                        },
                        "meta": {},
                        "tainted": false
                    },
                    "deposed": [],
                    "provider": "provider.gitlab"
                }
            },
            "depends_on": []
        },
        {
            "path": [
                "root",
                "banner_plugins_banner_finance_budget_availability_validation"
            ],
            "outputs": {},
            "resources": {
                "gitlab_project.example": {
                    "type": "gitlab_project",
                    "depends_on": [],
                    "primary": {
                        "id": "162",
                        "attributes": {
                            "default_branch": "",
                            "description": "Ellucian sync repo for banner_finance_budget_availability_validation",
                            "http_url_to_repo": "https://gitrepo.georgebrown.ca/ellucian_banner_plugins/banner_finance_budget_availability_validation.git",
                            "id": "162",
                            "issues_enabled": "false",
                            "merge_requests_enabled": "true",
                            "name": "banner_finance_budget_availability_validation",
                            "namespace_id": "30",
                            "path": "banner_finance_budget_availability_validation",
                            "snippets_enabled": "false",
                            "ssh_url_to_repo": "ssh://git@gitrepo.georgebrown.ca:2222/ellucian_banner_plugins/banner_finance_budget_availability_validation.git",
                            "visibility_level": "internal",
                            "web_url": "https://gitrepo.georgebrown.ca/ellucian_banner_plugins/banner_finance_budget_availability_validation",
                            "wiki_enabled": "false"
                        },
                        "meta": {},
                        "tainted": false
                    },
                    "deposed": [],
                    "provider": "provider.gitlab"
                }
            },
            "depends_on": []
        },
        {
            "path": [
                "root",
                "banner_plugins_banner_finance_common"
            ],
            "outputs": {},
            "resources": {
                "gitlab_project.example": {
                    "type": "gitlab_project",
                    "depends_on": [],
                    "primary": {
                        "id": "168",
                        "attributes": {
                            "default_branch": "",
                            "description": "Ellucian sync repo for banner_finance_common",
                            "http_url_to_repo": "https://gitrepo.georgebrown.ca/ellucian_banner_plugins/banner_finance_common.git",
                            "id": "168",
                            "issues_enabled": "false",
                            "merge_requests_enabled": "true",
                            "name": "banner_finance_common",
                            "namespace_id": "30",
                            "path": "banner_finance_common",
                            "snippets_enabled": "false",
                            "ssh_url_to_repo": "ssh://git@gitrepo.georgebrown.ca:2222/ellucian_banner_plugins/banner_finance_common.git",
                            "visibility_level": "internal",
                            "web_url": "https://gitrepo.georgebrown.ca/ellucian_banner_plugins/banner_finance_common",
                            "wiki_enabled": "false"
                        },
                        "meta": {},
                        "tainted": false
                    },
                    "deposed": [],
                    "provider": "provider.gitlab"
                }
            },
            "depends_on": []
        },
        {
            "path": [
                "root",
                "banner_plugins_banner_finance_general_ledger"
            ],
            "outputs": {},
            "resources": {
                "gitlab_project.example": {
                    "type": "gitlab_project",
                    "depends_on": [],
                    "primary": {
                        "id": "122",
                        "attributes": {
                            "default_branch": "",
                            "description": "Ellucian sync repo for banner_finance_general_ledger",
                            "http_url_to_repo": "https://gitrepo.georgebrown.ca/ellucian_banner_plugins/banner_finance_general_ledger.git",
                            "id": "122",
                            "issues_enabled": "false",
                            "merge_requests_enabled": "true",
                            "name": "banner_finance_general_ledger",
                            "namespace_id": "30",
                            "path": "banner_finance_general_ledger",
                            "snippets_enabled": "false",
                            "ssh_url_to_repo": "ssh://git@gitrepo.georgebrown.ca:2222/ellucian_banner_plugins/banner_finance_general_ledger.git",
                            "visibility_level": "internal",
                            "web_url": "https://gitrepo.georgebrown.ca/ellucian_banner_plugins/banner_finance_general_ledger",
                            "wiki_enabled": "false"
                        },
                        "meta": {},
                        "tainted": false
                    },
                    "deposed": [],
                    "provider": "provider.gitlab"
                }
            },
            "depends_on": []
        },
        {
            "path": [
                "root",
                "banner_plugins_banner_finance_procurement"
            ],
            "outputs": {},
            "resources": {
                "gitlab_project.example": {
                    "type": "gitlab_project",
                    "depends_on": [],
                    "primary": {
                        "id": "146",
                        "attributes": {
                            "default_branch": "",
                            "description": "Ellucian sync repo for banner_finance_procurement",
                            "http_url_to_repo": "https://gitrepo.georgebrown.ca/ellucian_banner_plugins/banner_finance_procurement.git",
                            "id": "146",
                            "issues_enabled": "false",
                            "merge_requests_enabled": "true",
                            "name": "banner_finance_procurement",
                            "namespace_id": "30",
                            "path": "banner_finance_procurement",
                            "snippets_enabled": "false",
                            "ssh_url_to_repo": "ssh://git@gitrepo.georgebrown.ca:2222/ellucian_banner_plugins/banner_finance_procurement.git",
                            "visibility_level": "internal",
                            "web_url": "https://gitrepo.georgebrown.ca/ellucian_banner_plugins/banner_finance_procurement",
                            "wiki_enabled": "false"
                        },
                        "meta": {},
                        "tainted": false
                    },
                    "deposed": [],
                    "provider": "provider.gitlab"
                }
            },
            "depends_on": []
        },
        {
            "path": [
                "root",
                "banner_plugins_banner_finance_procurement_ui"
            ],
            "outputs": {},
            "resources": {
                "gitlab_project.example": {
                    "type": "gitlab_project",
                    "depends_on": [],
                    "primary": {
                        "id": "164",
                        "attributes": {
                            "default_branch": "",
                            "description": "Ellucian sync repo for banner_finance_procurement_ui",
                            "http_url_to_repo": "https://gitrepo.georgebrown.ca/ellucian_banner_plugins/banner_finance_procurement_ui.git",
                            "id": "164",
                            "issues_enabled": "false",
                            "merge_requests_enabled": "true",
                            "name": "banner_finance_procurement_ui",
                            "namespace_id": "30",
                            "path": "banner_finance_procurement_ui",
                            "snippets_enabled": "false",
                            "ssh_url_to_repo": "ssh://git@gitrepo.georgebrown.ca:2222/ellucian_banner_plugins/banner_finance_procurement_ui.git",
                            "visibility_level": "internal",
                            "web_url": "https://gitrepo.georgebrown.ca/ellucian_banner_plugins/banner_finance_procurement_ui",
                            "wiki_enabled": "false"
                        },
                        "meta": {},
                        "tainted": false
                    },
                    "deposed": [],
                    "provider": "provider.gitlab"
                }
            },
            "depends_on": []
        },
        {
            "path": [
                "root",
                "banner_plugins_banner_finance_validation"
            ],
            "outputs": {},
            "resources": {
                "gitlab_project.example": {
                    "type": "gitlab_project",
                    "depends_on": [],
                    "primary": {
                        "id": "140",
                        "attributes": {
                            "default_branch": "",
                            "description": "Ellucian sync repo for banner_finance_validation",
                            "http_url_to_repo": "https://gitrepo.georgebrown.ca/ellucian_banner_plugins/banner_finance_validation.git",
                            "id": "140",
                            "issues_enabled": "false",
                            "merge_requests_enabled": "true",
                            "name": "banner_finance_validation",
                            "namespace_id": "30",
                            "path": "banner_finance_validation",
                            "snippets_enabled": "false",
                            "ssh_url_to_repo": "ssh://git@gitrepo.georgebrown.ca:2222/ellucian_banner_plugins/banner_finance_validation.git",
                            "visibility_level": "internal",
                            "web_url": "https://gitrepo.georgebrown.ca/ellucian_banner_plugins/banner_finance_validation",
                            "wiki_enabled": "false"
                        },
                        "meta": {},
                        "tainted": false
                    },
                    "deposed": [],
                    "provider": "provider.gitlab"
                }
            },
            "depends_on": []
        },
        {
            "path": [
                "root",
                "banner_plugins_banner_finance_validation_common"
            ],
            "outputs": {},
            "resources": {
                "gitlab_project.example": {
                    "type": "gitlab_project",
                    "depends_on": [],
                    "primary": {
                        "id": "151",
                        "attributes": {
                            "default_branch": "",
                            "description": "Ellucian sync repo for banner_finance_validation_common",
                            "http_url_to_repo": "https://gitrepo.georgebrown.ca/ellucian_banner_plugins/banner_finance_validation_common.git",
                            "id": "151",
                            "issues_enabled": "false",
                            "merge_requests_enabled": "true",
                            "name": "banner_finance_validation_common",
                            "namespace_id": "30",
                            "path": "banner_finance_validation_common",
                            "snippets_enabled": "false",
                            "ssh_url_to_repo": "ssh://git@gitrepo.georgebrown.ca:2222/ellucian_banner_plugins/banner_finance_validation_common.git",
                            "visibility_level": "internal",
                            "web_url": "https://gitrepo.georgebrown.ca/ellucian_banner_plugins/banner_finance_validation_common",
                            "wiki_enabled": "false"
                        },
                        "meta": {},
                        "tainted": false
                    },
                    "deposed": [],
                    "provider": "provider.gitlab"
                }
            },
            "depends_on": []
        },
        {
            "path": [
                "root",
                "banner_plugins_banner_general_common"
            ],
            "outputs": {},
            "resources": {
                "gitlab_project.example": {
                    "type": "gitlab_project",
                    "depends_on": [],
                    "primary": {
                        "id": "183",
                        "attributes": {
                            "default_branch": "",
                            "description": "Ellucian sync repo for banner_general_common",
                            "http_url_to_repo": "https://gitrepo.georgebrown.ca/ellucian_banner_plugins/banner_general_common.git",
                            "id": "183",
                            "issues_enabled": "false",
                            "merge_requests_enabled": "true",
                            "name": "banner_general_common",
                            "namespace_id": "30",
                            "path": "banner_general_common",
                            "snippets_enabled": "false",
                            "ssh_url_to_repo": "ssh://git@gitrepo.georgebrown.ca:2222/ellucian_banner_plugins/banner_general_common.git",
                            "visibility_level": "internal",
                            "web_url": "https://gitrepo.georgebrown.ca/ellucian_banner_plugins/banner_general_common",
                            "wiki_enabled": "false"
                        },
                        "meta": {},
                        "tainted": false
                    },
                    "deposed": [],
                    "provider": "provider.gitlab"
                }
            },
            "depends_on": []
        },
        {
            "path": [
                "root",
                "banner_plugins_banner_general_common_ui"
            ],
            "outputs": {},
            "resources": {
                "gitlab_project.example": {
                    "type": "gitlab_project",
                    "depends_on": [],
                    "primary": {
                        "id": "157",
                        "attributes": {
                            "default_branch": "",
                            "description": "Ellucian sync repo for banner_general_common_ui",
                            "http_url_to_repo": "https://gitrepo.georgebrown.ca/ellucian_banner_plugins/banner_general_common_ui.git",
                            "id": "157",
                            "issues_enabled": "false",
                            "merge_requests_enabled": "true",
                            "name": "banner_general_common_ui",
                            "namespace_id": "30",
                            "path": "banner_general_common_ui",
                            "snippets_enabled": "false",
                            "ssh_url_to_repo": "ssh://git@gitrepo.georgebrown.ca:2222/ellucian_banner_plugins/banner_general_common_ui.git",
                            "visibility_level": "internal",
                            "web_url": "https://gitrepo.georgebrown.ca/ellucian_banner_plugins/banner_general_common_ui",
                            "wiki_enabled": "false"
                        },
                        "meta": {},
                        "tainted": false
                    },
                    "deposed": [],
                    "provider": "provider.gitlab"
                }
            },
            "depends_on": []
        },
        {
            "path": [
                "root",
                "banner_plugins_banner_general_common_ui_ss"
            ],
            "outputs": {},
            "resources": {
                "gitlab_project.example": {
                    "type": "gitlab_project",
                    "depends_on": [],
                    "primary": {
                        "id": "135",
                        "attributes": {
                            "default_branch": "",
                            "description": "Ellucian sync repo for banner_general_common_ui_ss",
                            "http_url_to_repo": "https://gitrepo.georgebrown.ca/ellucian_banner_plugins/banner_general_common_ui_ss.git",
                            "id": "135",
                            "issues_enabled": "false",
                            "merge_requests_enabled": "true",
                            "name": "banner_general_common_ui_ss",
                            "namespace_id": "30",
                            "path": "banner_general_common_ui_ss",
                            "snippets_enabled": "false",
                            "ssh_url_to_repo": "ssh://git@gitrepo.georgebrown.ca:2222/ellucian_banner_plugins/banner_general_common_ui_ss.git",
                            "visibility_level": "internal",
                            "web_url": "https://gitrepo.georgebrown.ca/ellucian_banner_plugins/banner_general_common_ui_ss",
                            "wiki_enabled": "false"
                        },
                        "meta": {},
                        "tainted": false
                    },
                    "deposed": [],
                    "provider": "provider.gitlab"
                }
            },
            "depends_on": []
        },
        {
            "path": [
                "root",
                "banner_plugins_banner_general_direct_deposit_ui"
            ],
            "outputs": {},
            "resources": {
                "gitlab_project.example": {
                    "type": "gitlab_project",
                    "depends_on": [],
                    "primary": {
                        "id": "150",
                        "attributes": {
                            "default_branch": "",
                            "description": "Ellucian sync repo for banner_general_direct_deposit_ui",
                            "http_url_to_repo": "https://gitrepo.georgebrown.ca/ellucian_banner_plugins/banner_general_direct_deposit_ui.git",
                            "id": "150",
                            "issues_enabled": "false",
                            "merge_requests_enabled": "true",
                            "name": "banner_general_direct_deposit_ui",
                            "namespace_id": "30",
                            "path": "banner_general_direct_deposit_ui",
                            "snippets_enabled": "false",
                            "ssh_url_to_repo": "ssh://git@gitrepo.georgebrown.ca:2222/ellucian_banner_plugins/banner_general_direct_deposit_ui.git",
                            "visibility_level": "internal",
                            "web_url": "https://gitrepo.georgebrown.ca/ellucian_banner_plugins/banner_general_direct_deposit_ui",
                            "wiki_enabled": "false"
                        },
                        "meta": {},
                        "tainted": false
                    },
                    "deposed": [],
                    "provider": "provider.gitlab"
                }
            },
            "depends_on": []
        },
        {
            "path": [
                "root",
                "banner_plugins_banner_general_events"
            ],
            "outputs": {},
            "resources": {
                "gitlab_project.example": {
                    "type": "gitlab_project",
                    "depends_on": [],
                    "primary": {
                        "id": "167",
                        "attributes": {
                            "default_branch": "",
                            "description": "Ellucian sync repo for banner_general_events",
                            "http_url_to_repo": "https://gitrepo.georgebrown.ca/ellucian_banner_plugins/banner_general_events.git",
                            "id": "167",
                            "issues_enabled": "false",
                            "merge_requests_enabled": "true",
                            "name": "banner_general_events",
                            "namespace_id": "30",
                            "path": "banner_general_events",
                            "snippets_enabled": "false",
                            "ssh_url_to_repo": "ssh://git@gitrepo.georgebrown.ca:2222/ellucian_banner_plugins/banner_general_events.git",
                            "visibility_level": "internal",
                            "web_url": "https://gitrepo.georgebrown.ca/ellucian_banner_plugins/banner_general_events",
                            "wiki_enabled": "false"
                        },
                        "meta": {},
                        "tainted": false
                    },
                    "deposed": [],
                    "provider": "provider.gitlab"
                }
            },
            "depends_on": []
        },
        {
            "path": [
                "root",
                "banner_plugins_banner_general_person"
            ],
            "outputs": {},
            "resources": {
                "gitlab_project.example": {
                    "type": "gitlab_project",
                    "depends_on": [],
                    "primary": {
                        "id": "177",
                        "attributes": {
                            "default_branch": "",
                            "description": "Ellucian sync repo for banner_general_person",
                            "http_url_to_repo": "https://gitrepo.georgebrown.ca/ellucian_banner_plugins/banner_general_person.git",
                            "id": "177",
                            "issues_enabled": "false",
                            "merge_requests_enabled": "true",
                            "name": "banner_general_person",
                            "namespace_id": "30",
                            "path": "banner_general_person",
                            "snippets_enabled": "false",
                            "ssh_url_to_repo": "ssh://git@gitrepo.georgebrown.ca:2222/ellucian_banner_plugins/banner_general_person.git",
                            "visibility_level": "internal",
                            "web_url": "https://gitrepo.georgebrown.ca/ellucian_banner_plugins/banner_general_person",
                            "wiki_enabled": "false"
                        },
                        "meta": {},
                        "tainted": false
                    },
                    "deposed": [],
                    "provider": "provider.gitlab"
                }
            },
            "depends_on": []
        },
        {
            "path": [
                "root",
                "banner_plugins_banner_general_person_ui"
            ],
            "outputs": {},
            "resources": {
                "gitlab_project.example": {
                    "type": "gitlab_project",
                    "depends_on": [],
                    "primary": {
                        "id": "119",
                        "attributes": {
                            "default_branch": "",
                            "description": "Ellucian sync repo for banner_general_person_ui",
                            "http_url_to_repo": "https://gitrepo.georgebrown.ca/ellucian_banner_plugins/banner_general_person_ui.git",
                            "id": "119",
                            "issues_enabled": "false",
                            "merge_requests_enabled": "true",
                            "name": "banner_general_person_ui",
                            "namespace_id": "30",
                            "path": "banner_general_person_ui",
                            "snippets_enabled": "false",
                            "ssh_url_to_repo": "ssh://git@gitrepo.georgebrown.ca:2222/ellucian_banner_plugins/banner_general_person_ui.git",
                            "visibility_level": "internal",
                            "web_url": "https://gitrepo.georgebrown.ca/ellucian_banner_plugins/banner_general_person_ui",
                            "wiki_enabled": "false"
                        },
                        "meta": {},
                        "tainted": false
                    },
                    "deposed": [],
                    "provider": "provider.gitlab"
                }
            },
            "depends_on": []
        },
        {
            "path": [
                "root",
                "banner_plugins_banner_general_personal_information_ui"
            ],
            "outputs": {},
            "resources": {
                "gitlab_project.example": {
                    "type": "gitlab_project",
                    "depends_on": [],
                    "primary": {
                        "id": "184",
                        "attributes": {
                            "default_branch": "",
                            "description": "Ellucian sync repo for banner_general_personal_information_ui",
                            "http_url_to_repo": "https://gitrepo.georgebrown.ca/ellucian_banner_plugins/banner_general_personal_information_ui.git",
                            "id": "184",
                            "issues_enabled": "false",
                            "merge_requests_enabled": "true",
                            "name": "banner_general_personal_information_ui",
                            "namespace_id": "30",
                            "path": "banner_general_personal_information_ui",
                            "snippets_enabled": "false",
                            "ssh_url_to_repo": "ssh://git@gitrepo.georgebrown.ca:2222/ellucian_banner_plugins/banner_general_personal_information_ui.git",
                            "visibility_level": "internal",
                            "web_url": "https://gitrepo.georgebrown.ca/ellucian_banner_plugins/banner_general_personal_information_ui",
                            "wiki_enabled": "false"
                        },
                        "meta": {},
                        "tainted": false
                    },
                    "deposed": [],
                    "provider": "provider.gitlab"
                }
            },
            "depends_on": []
        },
        {
            "path": [
                "root",
                "banner_plugins_banner_general_utility"
            ],
            "outputs": {},
            "resources": {
                "gitlab_project.example": {
                    "type": "gitlab_project",
                    "depends_on": [],
                    "primary": {
                        "id": "173",
                        "attributes": {
                            "default_branch": "",
                            "description": "Ellucian sync repo for banner_general_utility",
                            "http_url_to_repo": "https://gitrepo.georgebrown.ca/ellucian_banner_plugins/banner_general_utility.git",
                            "id": "173",
                            "issues_enabled": "false",
                            "merge_requests_enabled": "true",
                            "name": "banner_general_utility",
                            "namespace_id": "30",
                            "path": "banner_general_utility",
                            "snippets_enabled": "false",
                            "ssh_url_to_repo": "ssh://git@gitrepo.georgebrown.ca:2222/ellucian_banner_plugins/banner_general_utility.git",
                            "visibility_level": "internal",
                            "web_url": "https://gitrepo.georgebrown.ca/ellucian_banner_plugins/banner_general_utility",
                            "wiki_enabled": "false"
                        },
                        "meta": {},
                        "tainted": false
                    },
                    "deposed": [],
                    "provider": "provider.gitlab"
                }
            },
            "depends_on": []
        },
        {
            "path": [
                "root",
                "banner_plugins_banner_general_validation_common"
            ],
            "outputs": {},
            "resources": {
                "gitlab_project.example": {
                    "type": "gitlab_project",
                    "depends_on": [],
                    "primary": {
                        "id": "179",
                        "attributes": {
                            "default_branch": "",
                            "description": "Ellucian sync repo for banner_general_validation_common",
                            "http_url_to_repo": "https://gitrepo.georgebrown.ca/ellucian_banner_plugins/banner_general_validation_common.git",
                            "id": "179",
                            "issues_enabled": "false",
                            "merge_requests_enabled": "true",
                            "name": "banner_general_validation_common",
                            "namespace_id": "30",
                            "path": "banner_general_validation_common",
                            "snippets_enabled": "false",
                            "ssh_url_to_repo": "ssh://git@gitrepo.georgebrown.ca:2222/ellucian_banner_plugins/banner_general_validation_common.git",
                            "visibility_level": "internal",
                            "web_url": "https://gitrepo.georgebrown.ca/ellucian_banner_plugins/banner_general_validation_common",
                            "wiki_enabled": "false"
                        },
                        "meta": {},
                        "tainted": false
                    },
                    "deposed": [],
                    "provider": "provider.gitlab"
                }
            },
            "depends_on": []
        },
        {
            "path": [
                "root",
                "banner_plugins_banner_general_validation_common_ui"
            ],
            "outputs": {},
            "resources": {
                "gitlab_project.example": {
                    "type": "gitlab_project",
                    "depends_on": [],
                    "primary": {
                        "id": "181",
                        "attributes": {
                            "default_branch": "",
                            "description": "Ellucian sync repo for banner_general_validation_common_ui",
                            "http_url_to_repo": "https://gitrepo.georgebrown.ca/ellucian_banner_plugins/banner_general_validation_common_ui.git",
                            "id": "181",
                            "issues_enabled": "false",
                            "merge_requests_enabled": "true",
                            "name": "banner_general_validation_common_ui",
                            "namespace_id": "30",
                            "path": "banner_general_validation_common_ui",
                            "snippets_enabled": "false",
                            "ssh_url_to_repo": "ssh://git@gitrepo.georgebrown.ca:2222/ellucian_banner_plugins/banner_general_validation_common_ui.git",
                            "visibility_level": "internal",
                            "web_url": "https://gitrepo.georgebrown.ca/ellucian_banner_plugins/banner_general_validation_common_ui",
                            "wiki_enabled": "false"
                        },
                        "meta": {},
                        "tainted": false
                    },
                    "deposed": [],
                    "provider": "provider.gitlab"
                }
            },
            "depends_on": []
        },
        {
            "path": [
                "root",
                "banner_plugins_banner_hr_effort_reporting_ui"
            ],
            "outputs": {},
            "resources": {
                "gitlab_project.example": {
                    "type": "gitlab_project",
                    "depends_on": [],
                    "primary": {
                        "id": "161",
                        "attributes": {
                            "default_branch": "",
                            "description": "Ellucian sync repo for banner_hr_effort_reporting_ui",
                            "http_url_to_repo": "https://gitrepo.georgebrown.ca/ellucian_banner_plugins/banner_hr_effort_reporting_ui.git",
                            "id": "161",
                            "issues_enabled": "false",
                            "merge_requests_enabled": "true",
                            "name": "banner_hr_effort_reporting_ui",
                            "namespace_id": "30",
                            "path": "banner_hr_effort_reporting_ui",
                            "snippets_enabled": "false",
                            "ssh_url_to_repo": "ssh://git@gitrepo.georgebrown.ca:2222/ellucian_banner_plugins/banner_hr_effort_reporting_ui.git",
                            "visibility_level": "internal",
                            "web_url": "https://gitrepo.georgebrown.ca/ellucian_banner_plugins/banner_hr_effort_reporting_ui",
                            "wiki_enabled": "false"
                        },
                        "meta": {},
                        "tainted": false
                    },
                    "deposed": [],
                    "provider": "provider.gitlab"
                }
            },
            "depends_on": []
        },
        {
            "path": [
                "root",
                "banner_plugins_banner_hr_employee_profile_ui"
            ],
            "outputs": {},
            "resources": {
                "gitlab_project.example": {
                    "type": "gitlab_project",
                    "depends_on": [],
                    "primary": {
                        "id": "120",
                        "attributes": {
                            "default_branch": "",
                            "description": "Ellucian sync repo for banner_hr_employee_profile_ui",
                            "http_url_to_repo": "https://gitrepo.georgebrown.ca/ellucian_banner_plugins/banner_hr_employee_profile_ui.git",
                            "id": "120",
                            "issues_enabled": "false",
                            "merge_requests_enabled": "true",
                            "name": "banner_hr_employee_profile_ui",
                            "namespace_id": "30",
                            "path": "banner_hr_employee_profile_ui",
                            "snippets_enabled": "false",
                            "ssh_url_to_repo": "ssh://git@gitrepo.georgebrown.ca:2222/ellucian_banner_plugins/banner_hr_employee_profile_ui.git",
                            "visibility_level": "internal",
                            "web_url": "https://gitrepo.georgebrown.ca/ellucian_banner_plugins/banner_hr_employee_profile_ui",
                            "wiki_enabled": "false"
                        },
                        "meta": {},
                        "tainted": false
                    },
                    "deposed": [],
                    "provider": "provider.gitlab"
                }
            },
            "depends_on": []
        },
        {
            "path": [
                "root",
                "banner_plugins_banner_hr_labor_redistribution_ui"
            ],
            "outputs": {},
            "resources": {
                "gitlab_project.example": {
                    "type": "gitlab_project",
                    "depends_on": [],
                    "primary": {
                        "id": "166",
                        "attributes": {
                            "default_branch": "",
                            "description": "Ellucian sync repo for banner_hr_labor_redistribution_ui",
                            "http_url_to_repo": "https://gitrepo.georgebrown.ca/ellucian_banner_plugins/banner_hr_labor_redistribution_ui.git",
                            "id": "166",
                            "issues_enabled": "false",
                            "merge_requests_enabled": "true",
                            "name": "banner_hr_labor_redistribution_ui",
                            "namespace_id": "30",
                            "path": "banner_hr_labor_redistribution_ui",
                            "snippets_enabled": "false",
                            "ssh_url_to_repo": "ssh://git@gitrepo.georgebrown.ca:2222/ellucian_banner_plugins/banner_hr_labor_redistribution_ui.git",
                            "visibility_level": "internal",
                            "web_url": "https://gitrepo.georgebrown.ca/ellucian_banner_plugins/banner_hr_labor_redistribution_ui",
                            "wiki_enabled": "false"
                        },
                        "meta": {},
                        "tainted": false
                    },
                    "deposed": [],
                    "provider": "provider.gitlab"
                }
            },
            "depends_on": []
        },
        {
            "path": [
                "root",
                "banner_plugins_banner_hr_position_description_ui"
            ],
            "outputs": {},
            "resources": {
                "gitlab_project.example": {
                    "type": "gitlab_project",
                    "depends_on": [],
                    "primary": {
                        "id": "126",
                        "attributes": {
                            "default_branch": "",
                            "description": "Ellucian sync repo for banner_hr_position_description_ui",
                            "http_url_to_repo": "https://gitrepo.georgebrown.ca/ellucian_banner_plugins/banner_hr_position_description_ui.git",
                            "id": "126",
                            "issues_enabled": "false",
                            "merge_requests_enabled": "true",
                            "name": "banner_hr_position_description_ui",
                            "namespace_id": "30",
                            "path": "banner_hr_position_description_ui",
                            "snippets_enabled": "false",
                            "ssh_url_to_repo": "ssh://git@gitrepo.georgebrown.ca:2222/ellucian_banner_plugins/banner_hr_position_description_ui.git",
                            "visibility_level": "internal",
                            "web_url": "https://gitrepo.georgebrown.ca/ellucian_banner_plugins/banner_hr_position_description_ui",
                            "wiki_enabled": "false"
                        },
                        "meta": {},
                        "tainted": false
                    },
                    "deposed": [],
                    "provider": "provider.gitlab"
                }
            },
            "depends_on": []
        },
        {
            "path": [
                "root",
                "banner_plugins_banner_packaging"
            ],
            "outputs": {},
            "resources": {
                "gitlab_project.example": {
                    "type": "gitlab_project",
                    "depends_on": [],
                    "primary": {
                        "id": "154",
                        "attributes": {
                            "default_branch": "",
                            "description": "Ellucian sync repo for banner_packaging",
                            "http_url_to_repo": "https://gitrepo.georgebrown.ca/ellucian_banner_plugins/banner_packaging.git",
                            "id": "154",
                            "issues_enabled": "false",
                            "merge_requests_enabled": "true",
                            "name": "banner_packaging",
                            "namespace_id": "30",
                            "path": "banner_packaging",
                            "snippets_enabled": "false",
                            "ssh_url_to_repo": "ssh://git@gitrepo.georgebrown.ca:2222/ellucian_banner_plugins/banner_packaging.git",
                            "visibility_level": "internal",
                            "web_url": "https://gitrepo.georgebrown.ca/ellucian_banner_plugins/banner_packaging",
                            "wiki_enabled": "false"
                        },
                        "meta": {},
                        "tainted": false
                    },
                    "deposed": [],
                    "provider": "provider.gitlab"
                }
            },
            "depends_on": []
        },
        {
            "path": [
                "root",
                "banner_plugins_banner_payroll_api"
            ],
            "outputs": {},
            "resources": {
                "gitlab_project.example": {
                    "type": "gitlab_project",
                    "depends_on": [],
                    "primary": {
                        "id": "155",
                        "attributes": {
                            "default_branch": "",
                            "description": "Ellucian sync repo for banner_payroll_api",
                            "http_url_to_repo": "https://gitrepo.georgebrown.ca/ellucian_banner_plugins/banner_payroll_api.git",
                            "id": "155",
                            "issues_enabled": "false",
                            "merge_requests_enabled": "true",
                            "name": "banner_payroll_api",
                            "namespace_id": "30",
                            "path": "banner_payroll_api",
                            "snippets_enabled": "false",
                            "ssh_url_to_repo": "ssh://git@gitrepo.georgebrown.ca:2222/ellucian_banner_plugins/banner_payroll_api.git",
                            "visibility_level": "internal",
                            "web_url": "https://gitrepo.georgebrown.ca/ellucian_banner_plugins/banner_payroll_api",
                            "wiki_enabled": "false"
                        },
                        "meta": {},
                        "tainted": false
                    },
                    "deposed": [],
                    "provider": "provider.gitlab"
                }
            },
            "depends_on": []
        },
        {
            "path": [
                "root",
                "banner_plugins_banner_payroll_common"
            ],
            "outputs": {},
            "resources": {
                "gitlab_project.example": {
                    "type": "gitlab_project",
                    "depends_on": [],
                    "primary": {
                        "id": "163",
                        "attributes": {
                            "default_branch": "",
                            "description": "Ellucian sync repo for banner_payroll_common",
                            "http_url_to_repo": "https://gitrepo.georgebrown.ca/ellucian_banner_plugins/banner_payroll_common.git",
                            "id": "163",
                            "issues_enabled": "false",
                            "merge_requests_enabled": "true",
                            "name": "banner_payroll_common",
                            "namespace_id": "30",
                            "path": "banner_payroll_common",
                            "snippets_enabled": "false",
                            "ssh_url_to_repo": "ssh://git@gitrepo.georgebrown.ca:2222/ellucian_banner_plugins/banner_payroll_common.git",
                            "visibility_level": "internal",
                            "web_url": "https://gitrepo.georgebrown.ca/ellucian_banner_plugins/banner_payroll_common",
                            "wiki_enabled": "false"
                        },
                        "meta": {},
                        "tainted": false
                    },
                    "deposed": [],
                    "provider": "provider.gitlab"
                }
            },
            "depends_on": []
        },
        {
            "path": [
                "root",
                "banner_plugins_banner_posnctl_common"
            ],
            "outputs": {},
            "resources": {
                "gitlab_project.example": {
                    "type": "gitlab_project",
                    "depends_on": [],
                    "primary": {
                        "id": "159",
                        "attributes": {
                            "default_branch": "",
                            "description": "Ellucian sync repo for banner_posnctl_common",
                            "http_url_to_repo": "https://gitrepo.georgebrown.ca/ellucian_banner_plugins/banner_posnctl_common.git",
                            "id": "159",
                            "issues_enabled": "false",
                            "merge_requests_enabled": "true",
                            "name": "banner_posnctl_common",
                            "namespace_id": "30",
                            "path": "banner_posnctl_common",
                            "snippets_enabled": "false",
                            "ssh_url_to_repo": "ssh://git@gitrepo.georgebrown.ca:2222/ellucian_banner_plugins/banner_posnctl_common.git",
                            "visibility_level": "internal",
                            "web_url": "https://gitrepo.georgebrown.ca/ellucian_banner_plugins/banner_posnctl_common",
                            "wiki_enabled": "false"
                        },
                        "meta": {},
                        "tainted": false
                    },
                    "deposed": [],
                    "provider": "provider.gitlab"
                }
            },
            "depends_on": []
        },
        {
            "path": [
                "root",
                "banner_plugins_banner_seeddata_catalog"
            ],
            "outputs": {},
            "resources": {
                "gitlab_project.example": {
                    "type": "gitlab_project",
                    "depends_on": [],
                    "primary": {
                        "id": "114",
                        "attributes": {
                            "default_branch": "",
                            "description": "Ellucian sync repo for banner_seeddata_catalog",
                            "http_url_to_repo": "https://gitrepo.georgebrown.ca/ellucian_banner_plugins/banner_seeddata_catalog.git",
                            "id": "114",
                            "issues_enabled": "false",
                            "merge_requests_enabled": "true",
                            "name": "banner_seeddata_catalog",
                            "namespace_id": "30",
                            "path": "banner_seeddata_catalog",
                            "snippets_enabled": "false",
                            "ssh_url_to_repo": "ssh://git@gitrepo.georgebrown.ca:2222/ellucian_banner_plugins/banner_seeddata_catalog.git",
                            "visibility_level": "internal",
                            "web_url": "https://gitrepo.georgebrown.ca/ellucian_banner_plugins/banner_seeddata_catalog",
                            "wiki_enabled": "false"
                        },
                        "meta": {},
                        "tainted": false
                    },
                    "deposed": [],
                    "provider": "provider.gitlab"
                }
            },
            "depends_on": []
        },
        {
            "path": [
                "root",
                "banner_plugins_banner_selenium_common"
            ],
            "outputs": {},
            "resources": {
                "gitlab_project.example": {
                    "type": "gitlab_project",
                    "depends_on": [],
                    "primary": {
                        "id": "178",
                        "attributes": {
                            "default_branch": "",
                            "description": "Ellucian sync repo for banner_selenium_common",
                            "http_url_to_repo": "https://gitrepo.georgebrown.ca/ellucian_banner_plugins/banner_selenium_common.git",
                            "id": "178",
                            "issues_enabled": "false",
                            "merge_requests_enabled": "true",
                            "name": "banner_selenium_common",
                            "namespace_id": "30",
                            "path": "banner_selenium_common",
                            "snippets_enabled": "false",
                            "ssh_url_to_repo": "ssh://git@gitrepo.georgebrown.ca:2222/ellucian_banner_plugins/banner_selenium_common.git",
                            "visibility_level": "internal",
                            "web_url": "https://gitrepo.georgebrown.ca/ellucian_banner_plugins/banner_selenium_common",
                            "wiki_enabled": "false"
                        },
                        "meta": {},
                        "tainted": false
                    },
                    "deposed": [],
                    "provider": "provider.gitlab"
                }
            },
            "depends_on": []
        },
        {
            "path": [
                "root",
                "banner_plugins_banner_spring_security_cas"
            ],
            "outputs": {},
            "resources": {
                "gitlab_project.example": {
                    "type": "gitlab_project",
                    "depends_on": [],
                    "primary": {
                        "id": "124",
                        "attributes": {
                            "default_branch": "",
                            "description": "Ellucian sync repo for banner_spring_security_cas",
                            "http_url_to_repo": "https://gitrepo.georgebrown.ca/ellucian_banner_plugins/banner_spring_security_cas.git",
                            "id": "124",
                            "issues_enabled": "false",
                            "merge_requests_enabled": "true",
                            "name": "banner_spring_security_cas",
                            "namespace_id": "30",
                            "path": "banner_spring_security_cas",
                            "snippets_enabled": "false",
                            "ssh_url_to_repo": "ssh://git@gitrepo.georgebrown.ca:2222/ellucian_banner_plugins/banner_spring_security_cas.git",
                            "visibility_level": "internal",
                            "web_url": "https://gitrepo.georgebrown.ca/ellucian_banner_plugins/banner_spring_security_cas",
                            "wiki_enabled": "false"
                        },
                        "meta": {},
                        "tainted": false
                    },
                    "deposed": [],
                    "provider": "provider.gitlab"
                }
            },
            "depends_on": []
        },
        {
            "path": [
                "root",
                "banner_plugins_banner_spring_security_saml"
            ],
            "outputs": {},
            "resources": {
                "gitlab_project.example": {
                    "type": "gitlab_project",
                    "depends_on": [],
                    "primary": {
                        "id": "148",
                        "attributes": {
                            "default_branch": "",
                            "description": "Ellucian sync repo for banner_spring_security_saml",
                            "http_url_to_repo": "https://gitrepo.georgebrown.ca/ellucian_banner_plugins/banner_spring_security_saml.git",
                            "id": "148",
                            "issues_enabled": "false",
                            "merge_requests_enabled": "true",
                            "name": "banner_spring_security_saml",
                            "namespace_id": "30",
                            "path": "banner_spring_security_saml",
                            "snippets_enabled": "false",
                            "ssh_url_to_repo": "ssh://git@gitrepo.georgebrown.ca:2222/ellucian_banner_plugins/banner_spring_security_saml.git",
                            "visibility_level": "internal",
                            "web_url": "https://gitrepo.georgebrown.ca/ellucian_banner_plugins/banner_spring_security_saml",
                            "wiki_enabled": "false"
                        },
                        "meta": {},
                        "tainted": false
                    },
                    "deposed": [],
                    "provider": "provider.gitlab"
                }
            },
            "depends_on": []
        },
        {
            "path": [
                "root",
                "banner_plugins_banner_student_admissions"
            ],
            "outputs": {},
            "resources": {
                "gitlab_project.example": {
                    "type": "gitlab_project",
                    "depends_on": [],
                    "primary": {
                        "id": "149",
                        "attributes": {
                            "default_branch": "",
                            "description": "Ellucian sync repo for banner_student_admissions",
                            "http_url_to_repo": "https://gitrepo.georgebrown.ca/ellucian_banner_plugins/banner_student_admissions.git",
                            "id": "149",
                            "issues_enabled": "false",
                            "merge_requests_enabled": "true",
                            "name": "banner_student_admissions",
                            "namespace_id": "30",
                            "path": "banner_student_admissions",
                            "snippets_enabled": "false",
                            "ssh_url_to_repo": "ssh://git@gitrepo.georgebrown.ca:2222/ellucian_banner_plugins/banner_student_admissions.git",
                            "visibility_level": "internal",
                            "web_url": "https://gitrepo.georgebrown.ca/ellucian_banner_plugins/banner_student_admissions",
                            "wiki_enabled": "false"
                        },
                        "meta": {},
                        "tainted": false
                    },
                    "deposed": [],
                    "provider": "provider.gitlab"
                }
            },
            "depends_on": []
        },
        {
            "path": [
                "root",
                "banner_plugins_banner_student_advising_ui"
            ],
            "outputs": {},
            "resources": {
                "gitlab_project.example": {
                    "type": "gitlab_project",
                    "depends_on": [],
                    "primary": {
                        "id": "136",
                        "attributes": {
                            "default_branch": "",
                            "description": "Ellucian sync repo for banner_student_advising_ui",
                            "http_url_to_repo": "https://gitrepo.georgebrown.ca/ellucian_banner_plugins/banner_student_advising_ui.git",
                            "id": "136",
                            "issues_enabled": "false",
                            "merge_requests_enabled": "true",
                            "name": "banner_student_advising_ui",
                            "namespace_id": "30",
                            "path": "banner_student_advising_ui",
                            "snippets_enabled": "false",
                            "ssh_url_to_repo": "ssh://git@gitrepo.georgebrown.ca:2222/ellucian_banner_plugins/banner_student_advising_ui.git",
                            "visibility_level": "internal",
                            "web_url": "https://gitrepo.georgebrown.ca/ellucian_banner_plugins/banner_student_advising_ui",
                            "wiki_enabled": "false"
                        },
                        "meta": {},
                        "tainted": false
                    },
                    "deposed": [],
                    "provider": "provider.gitlab"
                }
            },
            "depends_on": []
        },
        {
            "path": [
                "root",
                "banner_plugins_banner_student_api"
            ],
            "outputs": {},
            "resources": {
                "gitlab_project.example": {
                    "type": "gitlab_project",
                    "depends_on": [],
                    "primary": {
                        "id": "176",
                        "attributes": {
                            "default_branch": "",
                            "description": "Ellucian sync repo for banner_student_api",
                            "http_url_to_repo": "https://gitrepo.georgebrown.ca/ellucian_banner_plugins/banner_student_api.git",
                            "id": "176",
                            "issues_enabled": "false",
                            "merge_requests_enabled": "true",
                            "name": "banner_student_api",
                            "namespace_id": "30",
                            "path": "banner_student_api",
                            "snippets_enabled": "false",
                            "ssh_url_to_repo": "ssh://git@gitrepo.georgebrown.ca:2222/ellucian_banner_plugins/banner_student_api.git",
                            "visibility_level": "internal",
                            "web_url": "https://gitrepo.georgebrown.ca/ellucian_banner_plugins/banner_student_api",
                            "wiki_enabled": "false"
                        },
                        "meta": {},
                        "tainted": false
                    },
                    "deposed": [],
                    "provider": "provider.gitlab"
                }
            },
            "depends_on": []
        },
        {
            "path": [
                "root",
                "banner_plugins_banner_student_attendance_tracking"
            ],
            "outputs": {},
            "resources": {
                "gitlab_project.example": {
                    "type": "gitlab_project",
                    "depends_on": [],
                    "primary": {
                        "id": "108",
                        "attributes": {
                            "default_branch": "",
                            "description": "Ellucian sync repo for banner_student_attendance_tracking",
                            "http_url_to_repo": "https://gitrepo.georgebrown.ca/ellucian_banner_plugins/banner_student_attendance_tracking.git",
                            "id": "108",
                            "issues_enabled": "false",
                            "merge_requests_enabled": "true",
                            "name": "banner_student_attendance_tracking",
                            "namespace_id": "30",
                            "path": "banner_student_attendance_tracking",
                            "snippets_enabled": "false",
                            "ssh_url_to_repo": "ssh://git@gitrepo.georgebrown.ca:2222/ellucian_banner_plugins/banner_student_attendance_tracking.git",
                            "visibility_level": "internal",
                            "web_url": "https://gitrepo.georgebrown.ca/ellucian_banner_plugins/banner_student_attendance_tracking",
                            "wiki_enabled": "false"
                        },
                        "meta": {},
                        "tainted": false
                    },
                    "deposed": [],
                    "provider": "provider.gitlab"
                }
            },
            "depends_on": []
        },
        {
            "path": [
                "root",
                "banner_plugins_banner_student_attr_ui"
            ],
            "outputs": {},
            "resources": {
                "gitlab_project.example": {
                    "type": "gitlab_project",
                    "depends_on": [],
                    "primary": {
                        "id": "182",
                        "attributes": {
                            "default_branch": "",
                            "description": "Ellucian sync repo for banner_student_attr_ui",
                            "http_url_to_repo": "https://gitrepo.georgebrown.ca/ellucian_banner_plugins/banner_student_attr_ui.git",
                            "id": "182",
                            "issues_enabled": "false",
                            "merge_requests_enabled": "true",
                            "name": "banner_student_attr_ui",
                            "namespace_id": "30",
                            "path": "banner_student_attr_ui",
                            "snippets_enabled": "false",
                            "ssh_url_to_repo": "ssh://git@gitrepo.georgebrown.ca:2222/ellucian_banner_plugins/banner_student_attr_ui.git",
                            "visibility_level": "internal",
                            "web_url": "https://gitrepo.georgebrown.ca/ellucian_banner_plugins/banner_student_attr_ui",
                            "wiki_enabled": "false"
                        },
                        "meta": {},
                        "tainted": false
                    },
                    "deposed": [],
                    "provider": "provider.gitlab"
                }
            },
            "depends_on": []
        },
        {
            "path": [
                "root",
                "banner_plugins_banner_student_capp"
            ],
            "outputs": {},
            "resources": {
                "gitlab_project.example": {
                    "type": "gitlab_project",
                    "depends_on": [],
                    "primary": {
                        "id": "174",
                        "attributes": {
                            "default_branch": "",
                            "description": "Ellucian sync repo for banner_student_capp",
                            "http_url_to_repo": "https://gitrepo.georgebrown.ca/ellucian_banner_plugins/banner_student_capp.git",
                            "id": "174",
                            "issues_enabled": "false",
                            "merge_requests_enabled": "true",
                            "name": "banner_student_capp",
                            "namespace_id": "30",
                            "path": "banner_student_capp",
                            "snippets_enabled": "false",
                            "ssh_url_to_repo": "ssh://git@gitrepo.georgebrown.ca:2222/ellucian_banner_plugins/banner_student_capp.git",
                            "visibility_level": "internal",
                            "web_url": "https://gitrepo.georgebrown.ca/ellucian_banner_plugins/banner_student_capp",
                            "wiki_enabled": "false"
                        },
                        "meta": {},
                        "tainted": false
                    },
                    "deposed": [],
                    "provider": "provider.gitlab"
                }
            },
            "depends_on": []
        },
        {
            "path": [
                "root",
                "banner_plugins_banner_student_catalog"
            ],
            "outputs": {},
            "resources": {
                "gitlab_project.example": {
                    "type": "gitlab_project",
                    "depends_on": [],
                    "primary": {
                        "id": "132",
                        "attributes": {
                            "default_branch": "",
                            "description": "Ellucian sync repo for banner_student_catalog",
                            "http_url_to_repo": "https://gitrepo.georgebrown.ca/ellucian_banner_plugins/banner_student_catalog.git",
                            "id": "132",
                            "issues_enabled": "false",
                            "merge_requests_enabled": "true",
                            "name": "banner_student_catalog",
                            "namespace_id": "30",
                            "path": "banner_student_catalog",
                            "snippets_enabled": "false",
                            "ssh_url_to_repo": "ssh://git@gitrepo.georgebrown.ca:2222/ellucian_banner_plugins/banner_student_catalog.git",
                            "visibility_level": "internal",
                            "web_url": "https://gitrepo.georgebrown.ca/ellucian_banner_plugins/banner_student_catalog",
                            "wiki_enabled": "false"
                        },
                        "meta": {},
                        "tainted": false
                    },
                    "deposed": [],
                    "provider": "provider.gitlab"
                }
            },
            "depends_on": []
        },
        {
            "path": [
                "root",
                "banner_plugins_banner_student_common"
            ],
            "outputs": {},
            "resources": {
                "gitlab_project.example": {
                    "type": "gitlab_project",
                    "depends_on": [],
                    "primary": {
                        "id": "143",
                        "attributes": {
                            "default_branch": "",
                            "description": "Ellucian sync repo for banner_student_common",
                            "http_url_to_repo": "https://gitrepo.georgebrown.ca/ellucian_banner_plugins/banner_student_common.git",
                            "id": "143",
                            "issues_enabled": "false",
                            "merge_requests_enabled": "true",
                            "name": "banner_student_common",
                            "namespace_id": "30",
                            "path": "banner_student_common",
                            "snippets_enabled": "false",
                            "ssh_url_to_repo": "ssh://git@gitrepo.georgebrown.ca:2222/ellucian_banner_plugins/banner_student_common.git",
                            "visibility_level": "internal",
                            "web_url": "https://gitrepo.georgebrown.ca/ellucian_banner_plugins/banner_student_common",
                            "wiki_enabled": "false"
                        },
                        "meta": {},
                        "tainted": false
                    },
                    "deposed": [],
                    "provider": "provider.gitlab"
                }
            },
            "depends_on": []
        },
        {
            "path": [
                "root",
                "banner_plugins_banner_student_common_ss_ui"
            ],
            "outputs": {},
            "resources": {
                "gitlab_project.example": {
                    "type": "gitlab_project",
                    "depends_on": [],
                    "primary": {
                        "id": "118",
                        "attributes": {
                            "default_branch": "",
                            "description": "Ellucian sync repo for banner_student_common_ss_ui",
                            "http_url_to_repo": "https://gitrepo.georgebrown.ca/ellucian_banner_plugins/banner_student_common_ss_ui.git",
                            "id": "118",
                            "issues_enabled": "false",
                            "merge_requests_enabled": "true",
                            "name": "banner_student_common_ss_ui",
                            "namespace_id": "30",
                            "path": "banner_student_common_ss_ui",
                            "snippets_enabled": "false",
                            "ssh_url_to_repo": "ssh://git@gitrepo.georgebrown.ca:2222/ellucian_banner_plugins/banner_student_common_ss_ui.git",
                            "visibility_level": "internal",
                            "web_url": "https://gitrepo.georgebrown.ca/ellucian_banner_plugins/banner_student_common_ss_ui",
                            "wiki_enabled": "false"
                        },
                        "meta": {},
                        "tainted": false
                    },
                    "deposed": [],
                    "provider": "provider.gitlab"
                }
            },
            "depends_on": []
        },
        {
            "path": [
                "root",
                "banner_plugins_banner_student_common_ui"
            ],
            "outputs": {},
            "resources": {
                "gitlab_project.example": {
                    "type": "gitlab_project",
                    "depends_on": [],
                    "primary": {
                        "id": "107",
                        "attributes": {
                            "default_branch": "",
                            "description": "Ellucian sync repo for banner_student_common_ui",
                            "http_url_to_repo": "https://gitrepo.georgebrown.ca/ellucian_banner_plugins/banner_student_common_ui.git",
                            "id": "107",
                            "issues_enabled": "false",
                            "merge_requests_enabled": "true",
                            "name": "banner_student_common_ui",
                            "namespace_id": "30",
                            "path": "banner_student_common_ui",
                            "snippets_enabled": "false",
                            "ssh_url_to_repo": "ssh://git@gitrepo.georgebrown.ca:2222/ellucian_banner_plugins/banner_student_common_ui.git",
                            "visibility_level": "internal",
                            "web_url": "https://gitrepo.georgebrown.ca/ellucian_banner_plugins/banner_student_common_ui",
                            "wiki_enabled": "false"
                        },
                        "meta": {},
                        "tainted": false
                    },
                    "deposed": [],
                    "provider": "provider.gitlab"
                }
            },
            "depends_on": []
        },
        {
            "path": [
                "root",
                "banner_plugins_banner_student_faculty"
            ],
            "outputs": {},
            "resources": {
                "gitlab_project.example": {
                    "type": "gitlab_project",
                    "depends_on": [],
                    "primary": {
                        "id": "152",
                        "attributes": {
                            "default_branch": "",
                            "description": "Ellucian sync repo for banner_student_faculty",
                            "http_url_to_repo": "https://gitrepo.georgebrown.ca/ellucian_banner_plugins/banner_student_faculty.git",
                            "id": "152",
                            "issues_enabled": "false",
                            "merge_requests_enabled": "true",
                            "name": "banner_student_faculty",
                            "namespace_id": "30",
                            "path": "banner_student_faculty",
                            "snippets_enabled": "false",
                            "ssh_url_to_repo": "ssh://git@gitrepo.georgebrown.ca:2222/ellucian_banner_plugins/banner_student_faculty.git",
                            "visibility_level": "internal",
                            "web_url": "https://gitrepo.georgebrown.ca/ellucian_banner_plugins/banner_student_faculty",
                            "wiki_enabled": "false"
                        },
                        "meta": {},
                        "tainted": false
                    },
                    "deposed": [],
                    "provider": "provider.gitlab"
                }
            },
            "depends_on": []
        },
        {
            "path": [
                "root",
                "banner_plugins_banner_student_faculty_ui"
            ],
            "outputs": {},
            "resources": {
                "gitlab_project.example": {
                    "type": "gitlab_project",
                    "depends_on": [],
                    "primary": {
                        "id": "116",
                        "attributes": {
                            "default_branch": "",
                            "description": "Ellucian sync repo for banner_student_faculty_ui",
                            "http_url_to_repo": "https://gitrepo.georgebrown.ca/ellucian_banner_plugins/banner_student_faculty_ui.git",
                            "id": "116",
                            "issues_enabled": "false",
                            "merge_requests_enabled": "true",
                            "name": "banner_student_faculty_ui",
                            "namespace_id": "30",
                            "path": "banner_student_faculty_ui",
                            "snippets_enabled": "false",
                            "ssh_url_to_repo": "ssh://git@gitrepo.georgebrown.ca:2222/ellucian_banner_plugins/banner_student_faculty_ui.git",
                            "visibility_level": "internal",
                            "web_url": "https://gitrepo.georgebrown.ca/ellucian_banner_plugins/banner_student_faculty_ui",
                            "wiki_enabled": "false"
                        },
                        "meta": {},
                        "tainted": false
                    },
                    "deposed": [],
                    "provider": "provider.gitlab"
                }
            },
            "depends_on": []
        },
        {
            "path": [
                "root",
                "banner_plugins_banner_student_generalstudent"
            ],
            "outputs": {},
            "resources": {
                "gitlab_project.example": {
                    "type": "gitlab_project",
                    "depends_on": [],
                    "primary": {
                        "id": "138",
                        "attributes": {
                            "default_branch": "",
                            "description": "Ellucian sync repo for banner_student_generalstudent",
                            "http_url_to_repo": "https://gitrepo.georgebrown.ca/ellucian_banner_plugins/banner_student_generalstudent.git",
                            "id": "138",
                            "issues_enabled": "false",
                            "merge_requests_enabled": "true",
                            "name": "banner_student_generalstudent",
                            "namespace_id": "30",
                            "path": "banner_student_generalstudent",
                            "snippets_enabled": "false",
                            "ssh_url_to_repo": "ssh://git@gitrepo.georgebrown.ca:2222/ellucian_banner_plugins/banner_student_generalstudent.git",
                            "visibility_level": "internal",
                            "web_url": "https://gitrepo.georgebrown.ca/ellucian_banner_plugins/banner_student_generalstudent",
                            "wiki_enabled": "false"
                        },
                        "meta": {},
                        "tainted": false
                    },
                    "deposed": [],
                    "provider": "provider.gitlab"
                }
            },
            "depends_on": []
        },
        {
            "path": [
                "root",
                "banner_plugins_banner_student_history"
            ],
            "outputs": {},
            "resources": {
                "gitlab_project.example": {
                    "type": "gitlab_project",
                    "depends_on": [],
                    "primary": {
                        "id": "170",
                        "attributes": {
                            "default_branch": "",
                            "description": "Ellucian sync repo for banner_student_history",
                            "http_url_to_repo": "https://gitrepo.georgebrown.ca/ellucian_banner_plugins/banner_student_history.git",
                            "id": "170",
                            "issues_enabled": "false",
                            "merge_requests_enabled": "true",
                            "name": "banner_student_history",
                            "namespace_id": "30",
                            "path": "banner_student_history",
                            "snippets_enabled": "false",
                            "ssh_url_to_repo": "ssh://git@gitrepo.georgebrown.ca:2222/ellucian_banner_plugins/banner_student_history.git",
                            "visibility_level": "internal",
                            "web_url": "https://gitrepo.georgebrown.ca/ellucian_banner_plugins/banner_student_history",
                            "wiki_enabled": "false"
                        },
                        "meta": {},
                        "tainted": false
                    },
                    "deposed": [],
                    "provider": "provider.gitlab"
                }
            },
            "depends_on": []
        },
        {
            "path": [
                "root",
                "banner_plugins_banner_student_recruiting"
            ],
            "outputs": {},
            "resources": {
                "gitlab_project.example": {
                    "type": "gitlab_project",
                    "depends_on": [],
                    "primary": {
                        "id": "153",
                        "attributes": {
                            "default_branch": "",
                            "description": "Ellucian sync repo for banner_student_recruiting",
                            "http_url_to_repo": "https://gitrepo.georgebrown.ca/ellucian_banner_plugins/banner_student_recruiting.git",
                            "id": "153",
                            "issues_enabled": "false",
                            "merge_requests_enabled": "true",
                            "name": "banner_student_recruiting",
                            "namespace_id": "30",
                            "path": "banner_student_recruiting",
                            "snippets_enabled": "false",
                            "ssh_url_to_repo": "ssh://git@gitrepo.georgebrown.ca:2222/ellucian_banner_plugins/banner_student_recruiting.git",
                            "visibility_level": "internal",
                            "web_url": "https://gitrepo.georgebrown.ca/ellucian_banner_plugins/banner_student_recruiting",
                            "wiki_enabled": "false"
                        },
                        "meta": {},
                        "tainted": false
                    },
                    "deposed": [],
                    "provider": "provider.gitlab"
                }
            },
            "depends_on": []
        },
        {
            "path": [
                "root",
                "banner_plugins_banner_student_registration"
            ],
            "outputs": {},
            "resources": {
                "gitlab_project.example": {
                    "type": "gitlab_project",
                    "depends_on": [],
                    "primary": {
                        "id": "180",
                        "attributes": {
                            "default_branch": "",
                            "description": "Ellucian sync repo for banner_student_registration",
                            "http_url_to_repo": "https://gitrepo.georgebrown.ca/ellucian_banner_plugins/banner_student_registration.git",
                            "id": "180",
                            "issues_enabled": "false",
                            "merge_requests_enabled": "true",
                            "name": "banner_student_registration",
                            "namespace_id": "30",
                            "path": "banner_student_registration",
                            "snippets_enabled": "false",
                            "ssh_url_to_repo": "ssh://git@gitrepo.georgebrown.ca:2222/ellucian_banner_plugins/banner_student_registration.git",
                            "visibility_level": "internal",
                            "web_url": "https://gitrepo.georgebrown.ca/ellucian_banner_plugins/banner_student_registration",
                            "wiki_enabled": "false"
                        },
                        "meta": {},
                        "tainted": false
                    },
                    "deposed": [],
                    "provider": "provider.gitlab"
                }
            },
            "depends_on": []
        },
        {
            "path": [
                "root",
                "banner_plugins_banner_student_schedule"
            ],
            "outputs": {},
            "resources": {
                "gitlab_project.example": {
                    "type": "gitlab_project",
                    "depends_on": [],
                    "primary": {
                        "id": "123",
                        "attributes": {
                            "default_branch": "",
                            "description": "Ellucian sync repo for banner_student_schedule",
                            "http_url_to_repo": "https://gitrepo.georgebrown.ca/ellucian_banner_plugins/banner_student_schedule.git",
                            "id": "123",
                            "issues_enabled": "false",
                            "merge_requests_enabled": "true",
                            "name": "banner_student_schedule",
                            "namespace_id": "30",
                            "path": "banner_student_schedule",
                            "snippets_enabled": "false",
                            "ssh_url_to_repo": "ssh://git@gitrepo.georgebrown.ca:2222/ellucian_banner_plugins/banner_student_schedule.git",
                            "visibility_level": "internal",
                            "web_url": "https://gitrepo.georgebrown.ca/ellucian_banner_plugins/banner_student_schedule",
                            "wiki_enabled": "false"
                        },
                        "meta": {},
                        "tainted": false
                    },
                    "deposed": [],
                    "provider": "provider.gitlab"
                }
            },
            "depends_on": []
        },
        {
            "path": [
                "root",
                "banner_plugins_banner_student_ssb_ui"
            ],
            "outputs": {},
            "resources": {
                "gitlab_project.example": {
                    "type": "gitlab_project",
                    "depends_on": [],
                    "primary": {
                        "id": "141",
                        "attributes": {
                            "default_branch": "",
                            "description": "Ellucian sync repo for banner_student_ssb_ui",
                            "http_url_to_repo": "https://gitrepo.georgebrown.ca/ellucian_banner_plugins/banner_student_ssb_ui.git",
                            "id": "141",
                            "issues_enabled": "false",
                            "merge_requests_enabled": "true",
                            "name": "banner_student_ssb_ui",
                            "namespace_id": "30",
                            "path": "banner_student_ssb_ui",
                            "snippets_enabled": "false",
                            "ssh_url_to_repo": "ssh://git@gitrepo.georgebrown.ca:2222/ellucian_banner_plugins/banner_student_ssb_ui.git",
                            "visibility_level": "internal",
                            "web_url": "https://gitrepo.georgebrown.ca/ellucian_banner_plugins/banner_student_ssb_ui",
                            "wiki_enabled": "false"
                        },
                        "meta": {},
                        "tainted": false
                    },
                    "deposed": [],
                    "provider": "provider.gitlab"
                }
            },
            "depends_on": []
        },
        {
            "path": [
                "root",
                "banner_plugins_banner_student_validation"
            ],
            "outputs": {},
            "resources": {
                "gitlab_project.example": {
                    "type": "gitlab_project",
                    "depends_on": [],
                    "primary": {
                        "id": "128",
                        "attributes": {
                            "default_branch": "",
                            "description": "Ellucian sync repo for banner_student_validation",
                            "http_url_to_repo": "https://gitrepo.georgebrown.ca/ellucian_banner_plugins/banner_student_validation.git",
                            "id": "128",
                            "issues_enabled": "false",
                            "merge_requests_enabled": "true",
                            "name": "banner_student_validation",
                            "namespace_id": "30",
                            "path": "banner_student_validation",
                            "snippets_enabled": "false",
                            "ssh_url_to_repo": "ssh://git@gitrepo.georgebrown.ca:2222/ellucian_banner_plugins/banner_student_validation.git",
                            "visibility_level": "internal",
                            "web_url": "https://gitrepo.georgebrown.ca/ellucian_banner_plugins/banner_student_validation",
                            "wiki_enabled": "false"
                        },
                        "meta": {},
                        "tainted": false
                    },
                    "deposed": [],
                    "provider": "provider.gitlab"
                }
            },
            "depends_on": []
        },
        {
            "path": [
                "root",
                "banner_plugins_banner_ui"
            ],
            "outputs": {},
            "resources": {
                "gitlab_project.example": {
                    "type": "gitlab_project",
                    "depends_on": [],
                    "primary": {
                        "id": "111",
                        "attributes": {
                            "default_branch": "",
                            "description": "Ellucian sync repo for banner_ui",
                            "http_url_to_repo": "https://gitrepo.georgebrown.ca/ellucian_banner_plugins/banner_ui.git",
                            "id": "111",
                            "issues_enabled": "false",
                            "merge_requests_enabled": "true",
                            "name": "banner_ui",
                            "namespace_id": "30",
                            "path": "banner_ui",
                            "snippets_enabled": "false",
                            "ssh_url_to_repo": "ssh://git@gitrepo.georgebrown.ca:2222/ellucian_banner_plugins/banner_ui.git",
                            "visibility_level": "internal",
                            "web_url": "https://gitrepo.georgebrown.ca/ellucian_banner_plugins/banner_ui",
                            "wiki_enabled": "false"
                        },
                        "meta": {},
                        "tainted": false
                    },
                    "deposed": [],
                    "provider": "provider.gitlab"
                }
            },
            "depends_on": []
        },
        {
            "path": [
                "root",
                "banner_plugins_banner_ui_ss"
            ],
            "outputs": {},
            "resources": {
                "gitlab_project.example": {
                    "type": "gitlab_project",
                    "depends_on": [],
                    "primary": {
                        "id": "160",
                        "attributes": {
                            "default_branch": "",
                            "description": "Ellucian sync repo for banner_ui_ss",
                            "http_url_to_repo": "https://gitrepo.georgebrown.ca/ellucian_banner_plugins/banner_ui_ss.git",
                            "id": "160",
                            "issues_enabled": "false",
                            "merge_requests_enabled": "true",
                            "name": "banner_ui_ss",
                            "namespace_id": "30",
                            "path": "banner_ui_ss",
                            "snippets_enabled": "false",
                            "ssh_url_to_repo": "ssh://git@gitrepo.georgebrown.ca:2222/ellucian_banner_plugins/banner_ui_ss.git",
                            "visibility_level": "internal",
                            "web_url": "https://gitrepo.georgebrown.ca/ellucian_banner_plugins/banner_ui_ss",
                            "wiki_enabled": "false"
                        },
                        "meta": {},
                        "tainted": false
                    },
                    "deposed": [],
                    "provider": "provider.gitlab"
                }
            },
            "depends_on": []
        },
        {
            "path": [
                "root",
                "banner_plugins_banner_xe_dbupgrade"
            ],
            "outputs": {},
            "resources": {
                "gitlab_project.example": {
                    "type": "gitlab_project",
                    "depends_on": [],
                    "primary": {
                        "id": "156",
                        "attributes": {
                            "default_branch": "",
                            "description": "Ellucian sync repo for banner_xe_dbupgrade",
                            "http_url_to_repo": "https://gitrepo.georgebrown.ca/ellucian_banner_plugins/banner_xe_dbupgrade.git",
                            "id": "156",
                            "issues_enabled": "false",
                            "merge_requests_enabled": "true",
                            "name": "banner_xe_dbupgrade",
                            "namespace_id": "30",
                            "path": "banner_xe_dbupgrade",
                            "snippets_enabled": "false",
                            "ssh_url_to_repo": "ssh://git@gitrepo.georgebrown.ca:2222/ellucian_banner_plugins/banner_xe_dbupgrade.git",
                            "visibility_level": "internal",
                            "web_url": "https://gitrepo.georgebrown.ca/ellucian_banner_plugins/banner_xe_dbupgrade",
                            "wiki_enabled": "false"
                        },
                        "meta": {},
                        "tainted": false
                    },
                    "deposed": [],
                    "provider": "provider.gitlab"
                }
            },
            "depends_on": []
        },
        {
            "path": [
                "root",
                "banner_plugins_domain_extension"
            ],
            "outputs": {},
            "resources": {
                "gitlab_project.example": {
                    "type": "gitlab_project",
                    "depends_on": [],
                    "primary": {
                        "id": "144",
                        "attributes": {
                            "default_branch": "",
                            "description": "Ellucian sync repo for domain_extension",
                            "http_url_to_repo": "https://gitrepo.georgebrown.ca/ellucian_banner_plugins/domain_extension.git",
                            "id": "144",
                            "issues_enabled": "false",
                            "merge_requests_enabled": "true",
                            "name": "domain_extension",
                            "namespace_id": "30",
                            "path": "domain_extension",
                            "snippets_enabled": "false",
                            "ssh_url_to_repo": "ssh://git@gitrepo.georgebrown.ca:2222/ellucian_banner_plugins/domain_extension.git",
                            "visibility_level": "internal",
                            "web_url": "https://gitrepo.georgebrown.ca/ellucian_banner_plugins/domain_extension",
                            "wiki_enabled": "false"
                        },
                        "meta": {},
                        "tainted": false
                    },
                    "deposed": [],
                    "provider": "provider.gitlab"
                }
            },
            "depends_on": []
        },
        {
            "path": [
                "root",
                "banner_plugins_grails-constraints"
            ],
            "outputs": {},
            "resources": {
                "gitlab_project.example": {
                    "type": "gitlab_project",
                    "depends_on": [],
                    "primary": {
                        "id": "109",
                        "attributes": {
                            "default_branch": "",
                            "description": "Ellucian sync repo for grails-constraints",
                            "http_url_to_repo": "https://gitrepo.georgebrown.ca/ellucian_banner_plugins/grails-constraints.git",
                            "id": "109",
                            "issues_enabled": "false",
                            "merge_requests_enabled": "true",
                            "name": "grails-constraints",
                            "namespace_id": "30",
                            "path": "grails-constraints",
                            "snippets_enabled": "false",
                            "ssh_url_to_repo": "ssh://git@gitrepo.georgebrown.ca:2222/ellucian_banner_plugins/grails-constraints.git",
                            "visibility_level": "internal",
                            "web_url": "https://gitrepo.georgebrown.ca/ellucian_banner_plugins/grails-constraints",
                            "wiki_enabled": "false"
                        },
                        "meta": {},
                        "tainted": false
                    },
                    "deposed": [],
                    "provider": "provider.gitlab"
                }
            },
            "depends_on": []
        },
        {
            "path": [
                "root",
                "banner_plugins_i18n_core"
            ],
            "outputs": {},
            "resources": {
                "gitlab_project.example": {
                    "type": "gitlab_project",
                    "depends_on": [],
                    "primary": {
                        "id": "125",
                        "attributes": {
                            "default_branch": "",
                            "description": "Ellucian sync repo for i18n_core",
                            "http_url_to_repo": "https://gitrepo.georgebrown.ca/ellucian_banner_plugins/i18n_core.git",
                            "id": "125",
                            "issues_enabled": "false",
                            "merge_requests_enabled": "true",
                            "name": "i18n_core",
                            "namespace_id": "30",
                            "path": "i18n_core",
                            "snippets_enabled": "false",
                            "ssh_url_to_repo": "ssh://git@gitrepo.georgebrown.ca:2222/ellucian_banner_plugins/i18n_core.git",
                            "visibility_level": "internal",
                            "web_url": "https://gitrepo.georgebrown.ca/ellucian_banner_plugins/i18n_core",
                            "wiki_enabled": "false"
                        },
                        "meta": {},
                        "tainted": false
                    },
                    "deposed": [],
                    "provider": "provider.gitlab"
                }
            },
            "depends_on": []
        },
        {
            "path": [
                "root",
                "banner_plugins_restful-api"
            ],
            "outputs": {},
            "resources": {
                "gitlab_project.example": {
                    "type": "gitlab_project",
                    "depends_on": [],
                    "primary": {
                        "id": "112",
                        "attributes": {
                            "default_branch": "",
                            "description": "Ellucian sync repo for restful-api",
                            "http_url_to_repo": "https://gitrepo.georgebrown.ca/ellucian_banner_plugins/restful-api.git",
                            "id": "112",
                            "issues_enabled": "false",
                            "merge_requests_enabled": "true",
                            "name": "restful-api",
                            "namespace_id": "30",
                            "path": "restful-api",
                            "snippets_enabled": "false",
                            "ssh_url_to_repo": "ssh://git@gitrepo.georgebrown.ca:2222/ellucian_banner_plugins/restful-api.git",
                            "visibility_level": "internal",
                            "web_url": "https://gitrepo.georgebrown.ca/ellucian_banner_plugins/restful-api",
                            "wiki_enabled": "false"
                        },
                        "meta": {},
                        "tainted": false
                    },
                    "deposed": [],
                    "provider": "provider.gitlab"
                }
            },
            "depends_on": []
        },
        {
            "path": [
                "root",
                "banner_plugins_seamless"
            ],
            "outputs": {},
            "resources": {
                "gitlab_project.example": {
                    "type": "gitlab_project",
                    "depends_on": [],
                    "primary": {
                        "id": "142",
                        "attributes": {
                            "default_branch": "",
                            "description": "Ellucian sync repo for seamless",
                            "http_url_to_repo": "https://gitrepo.georgebrown.ca/ellucian_banner_plugins/seamless.git",
                            "id": "142",
                            "issues_enabled": "false",
                            "merge_requests_enabled": "true",
                            "name": "seamless",
                            "namespace_id": "30",
                            "path": "seamless",
                            "snippets_enabled": "false",
                            "ssh_url_to_repo": "ssh://git@gitrepo.georgebrown.ca:2222/ellucian_banner_plugins/seamless.git",
                            "visibility_level": "internal",
                            "web_url": "https://gitrepo.georgebrown.ca/ellucian_banner_plugins/seamless",
                            "wiki_enabled": "false"
                        },
                        "meta": {},
                        "tainted": false
                    },
                    "deposed": [],
                    "provider": "provider.gitlab"
                }
            },
            "depends_on": []
        },
        {
            "path": [
                "root",
                "banner_plugins_sghe_aurora"
            ],
            "outputs": {},
            "resources": {
                "gitlab_project.example": {
                    "type": "gitlab_project",
                    "depends_on": [],
                    "primary": {
                        "id": "172",
                        "attributes": {
                            "default_branch": "",
                            "description": "Ellucian sync repo for sghe_aurora",
                            "http_url_to_repo": "https://gitrepo.georgebrown.ca/ellucian_banner_plugins/sghe_aurora.git",
                            "id": "172",
                            "issues_enabled": "false",
                            "merge_requests_enabled": "true",
                            "name": "sghe_aurora",
                            "namespace_id": "30",
                            "path": "sghe_aurora",
                            "snippets_enabled": "false",
                            "ssh_url_to_repo": "ssh://git@gitrepo.georgebrown.ca:2222/ellucian_banner_plugins/sghe_aurora.git",
                            "visibility_level": "internal",
                            "web_url": "https://gitrepo.georgebrown.ca/ellucian_banner_plugins/sghe_aurora",
                            "wiki_enabled": "false"
                        },
                        "meta": {},
                        "tainted": false
                    },
                    "deposed": [],
                    "provider": "provider.gitlab"
                }
            },
            "depends_on": []
        },
        {
            "path": [
                "root",
                "banner_plugins_sghe_zk_core"
            ],
            "outputs": {},
            "resources": {
                "gitlab_project.example": {
                    "type": "gitlab_project",
                    "depends_on": [],
                    "primary": {
                        "id": "117",
                        "attributes": {
                            "default_branch": "",
                            "description": "Ellucian sync repo for sghe_zk_core",
                            "http_url_to_repo": "https://gitrepo.georgebrown.ca/ellucian_banner_plugins/sghe_zk_core.git",
                            "id": "117",
                            "issues_enabled": "false",
                            "merge_requests_enabled": "true",
                            "name": "sghe_zk_core",
                            "namespace_id": "30",
                            "path": "sghe_zk_core",
                            "snippets_enabled": "false",
                            "ssh_url_to_repo": "ssh://git@gitrepo.georgebrown.ca:2222/ellucian_banner_plugins/sghe_zk_core.git",
                            "visibility_level": "internal",
                            "web_url": "https://gitrepo.georgebrown.ca/ellucian_banner_plugins/sghe_zk_core",
                            "wiki_enabled": "false"
                        },
                        "meta": {},
                        "tainted": false
                    },
                    "deposed": [],
                    "provider": "provider.gitlab"
                }
            },
            "depends_on": []
        },
        {
            "path": [
                "root",
                "banner_plugins_spring_security_cas"
            ],
            "outputs": {},
            "resources": {
                "gitlab_project.example": {
                    "type": "gitlab_project",
                    "depends_on": [],
                    "primary": {
                        "id": "121",
                        "attributes": {
                            "default_branch": "",
                            "description": "Ellucian sync repo for spring_security_cas",
                            "http_url_to_repo": "https://gitrepo.georgebrown.ca/ellucian_banner_plugins/spring_security_cas.git",
                            "id": "121",
                            "issues_enabled": "false",
                            "merge_requests_enabled": "true",
                            "name": "spring_security_cas",
                            "namespace_id": "30",
                            "path": "spring_security_cas",
                            "snippets_enabled": "false",
                            "ssh_url_to_repo": "ssh://git@gitrepo.georgebrown.ca:2222/ellucian_banner_plugins/spring_security_cas.git",
                            "visibility_level": "internal",
                            "web_url": "https://gitrepo.georgebrown.ca/ellucian_banner_plugins/spring_security_cas",
                            "wiki_enabled": "false"
                        },
                        "meta": {},
                        "tainted": false
                    },
                    "deposed": [],
                    "provider": "provider.gitlab"
                }
            },
            "depends_on": []
        },
        {
            "path": [
                "root",
                "banner_plugins_spring_security_saml"
            ],
            "outputs": {},
            "resources": {
                "gitlab_project.example": {
                    "type": "gitlab_project",
                    "depends_on": [],
                    "primary": {
                        "id": "147",
                        "attributes": {
                            "default_branch": "",
                            "description": "Ellucian sync repo for spring_security_saml",
                            "http_url_to_repo": "https://gitrepo.georgebrown.ca/ellucian_banner_plugins/spring_security_saml.git",
                            "id": "147",
                            "issues_enabled": "false",
                            "merge_requests_enabled": "true",
                            "name": "spring_security_saml",
                            "namespace_id": "30",
                            "path": "spring_security_saml",
                            "snippets_enabled": "false",
                            "ssh_url_to_repo": "ssh://git@gitrepo.georgebrown.ca:2222/ellucian_banner_plugins/spring_security_saml.git",
                            "visibility_level": "internal",
                            "web_url": "https://gitrepo.georgebrown.ca/ellucian_banner_plugins/spring_security_saml",
                            "wiki_enabled": "false"
                        },
                        "meta": {},
                        "tainted": false
                    },
                    "deposed": [],
                    "provider": "provider.gitlab"
                }
            },
            "depends_on": []
        },
        {
            "path": [
                "root",
                "banner_plugins_web-app-extensibility"
            ],
            "outputs": {},
            "resources": {
                "gitlab_project.example": {
                    "type": "gitlab_project",
                    "depends_on": [],
                    "primary": {
                        "id": "175",
                        "attributes": {
                            "default_branch": "",
                            "description": "Ellucian sync repo for web-app-extensibility",
                            "http_url_to_repo": "https://gitrepo.georgebrown.ca/ellucian_banner_plugins/web-app-extensibility.git",
                            "id": "175",
                            "issues_enabled": "false",
                            "merge_requests_enabled": "true",
                            "name": "web-app-extensibility",
                            "namespace_id": "30",
                            "path": "web-app-extensibility",
                            "snippets_enabled": "false",
                            "ssh_url_to_repo": "ssh://git@gitrepo.georgebrown.ca:2222/ellucian_banner_plugins/web-app-extensibility.git",
                            "visibility_level": "internal",
                            "web_url": "https://gitrepo.georgebrown.ca/ellucian_banner_plugins/web-app-extensibility",
                            "wiki_enabled": "false"
                        },
                        "meta": {},
                        "tainted": false
                    },
                    "deposed": [],
                    "provider": "provider.gitlab"
                }
            },
            "depends_on": []
        },
        {
            "path": [
                "root",
                "banner_plugins_webify"
            ],
            "outputs": {},
            "resources": {
                "gitlab_project.example": {
                    "type": "gitlab_project",
                    "depends_on": [],
                    "primary": {
                        "id": "165",
                        "attributes": {
                            "default_branch": "",
                            "description": "Ellucian sync repo for webify",
                            "http_url_to_repo": "https://gitrepo.georgebrown.ca/ellucian_banner_plugins/webify.git",
                            "id": "165",
                            "issues_enabled": "false",
                            "merge_requests_enabled": "true",
                            "name": "webify",
                            "namespace_id": "30",
                            "path": "webify",
                            "snippets_enabled": "false",
                            "ssh_url_to_repo": "ssh://git@gitrepo.georgebrown.ca:2222/ellucian_banner_plugins/webify.git",
                            "visibility_level": "internal",
                            "web_url": "https://gitrepo.georgebrown.ca/ellucian_banner_plugins/webify",
                            "wiki_enabled": "false"
                        },
                        "meta": {},
                        "tainted": false
                    },
                    "deposed": [],
                    "provider": "provider.gitlab"
                }
            },
            "depends_on": []
        },
        {
            "path": [
                "root",
                "framework_plugins_banner-sspb"
            ],
            "outputs": {},
            "resources": {
                "gitlab_project.example": {
                    "type": "gitlab_project",
                    "depends_on": [],
                    "primary": {
                        "id": "191",
                        "attributes": {
                            "default_branch": "",
                            "description": "Ellucian sync repo for banner-sspb",
                            "http_url_to_repo": "https://gitrepo.georgebrown.ca/ellucian_framework_plugins/banner-sspb.git",
                            "id": "191",
                            "issues_enabled": "false",
                            "merge_requests_enabled": "true",
                            "name": "banner-sspb",
                            "namespace_id": "26",
                            "path": "banner-sspb",
                            "snippets_enabled": "false",
                            "ssh_url_to_repo": "ssh://git@gitrepo.georgebrown.ca:2222/ellucian_framework_plugins/banner-sspb.git",
                            "visibility_level": "internal",
                            "web_url": "https://gitrepo.georgebrown.ca/ellucian_framework_plugins/banner-sspb",
                            "wiki_enabled": "false"
                        },
                        "meta": {},
                        "tainted": false
                    },
                    "deposed": [],
                    "provider": "provider.gitlab"
                }
            },
            "depends_on": []
        },
        {
            "path": [
                "root",
                "framework_plugins_seamless"
            ],
            "outputs": {},
            "resources": {
                "gitlab_project.example": {
                    "type": "gitlab_project",
                    "depends_on": [],
                    "primary": {
                        "id": "189",
                        "attributes": {
                            "default_branch": "",
                            "description": "Ellucian sync repo for seamless",
                            "http_url_to_repo": "https://gitrepo.georgebrown.ca/ellucian_framework_plugins/seamless.git",
                            "id": "189",
                            "issues_enabled": "false",
                            "merge_requests_enabled": "true",
                            "name": "seamless",
                            "namespace_id": "26",
                            "path": "seamless",
                            "snippets_enabled": "false",
                            "ssh_url_to_repo": "ssh://git@gitrepo.georgebrown.ca:2222/ellucian_framework_plugins/seamless.git",
                            "visibility_level": "internal",
                            "web_url": "https://gitrepo.georgebrown.ca/ellucian_framework_plugins/seamless",
                            "wiki_enabled": "false"
                        },
                        "meta": {},
                        "tainted": false
                    },
                    "deposed": [],
                    "provider": "provider.gitlab"
                }
            },
            "depends_on": []
        },
        {
            "path": [
                "root",
                "framework_plugins_webify"
            ],
            "outputs": {},
            "resources": {
                "gitlab_project.example": {
                    "type": "gitlab_project",
                    "depends_on": [],
                    "primary": {
                        "id": "190",
                        "attributes": {
                            "default_branch": "",
                            "description": "Ellucian sync repo for webify",
                            "http_url_to_repo": "https://gitrepo.georgebrown.ca/ellucian_framework_plugins/webify.git",
                            "id": "190",
                            "issues_enabled": "false",
                            "merge_requests_enabled": "true",
                            "name": "webify",
                            "namespace_id": "26",
                            "path": "webify",
                            "snippets_enabled": "false",
                            "ssh_url_to_repo": "ssh://git@gitrepo.georgebrown.ca:2222/ellucian_framework_plugins/webify.git",
                            "visibility_level": "internal",
                            "web_url": "https://gitrepo.georgebrown.ca/ellucian_framework_plugins/webify",
                            "wiki_enabled": "false"
                        },
                        "meta": {},
                        "tainted": false
                    },
                    "deposed": [],
                    "provider": "provider.gitlab"
                }
            },
            "depends_on": []
        },
        {
            "path": [
                "root",
                "mobile_EllucianGO"
            ],
            "outputs": {},
            "resources": {
                "gitlab_project.example": {
                    "type": "gitlab_project",
                    "depends_on": [],
                    "primary": {
                        "id": "192",
                        "attributes": {
                            "default_branch": "",
                            "description": "Ellucian sync repo for EllucianGO",
                            "http_url_to_repo": "https://gitrepo.georgebrown.ca/ellucian_mobile/elluciango.git",
                            "id": "192",
                            "issues_enabled": "false",
                            "merge_requests_enabled": "true",
                            "name": "EllucianGO",
                            "namespace_id": "29",
                            "path": "elluciango",
                            "snippets_enabled": "false",
                            "ssh_url_to_repo": "ssh://git@gitrepo.georgebrown.ca:2222/ellucian_mobile/elluciango.git",
                            "visibility_level": "internal",
                            "web_url": "https://gitrepo.georgebrown.ca/ellucian_mobile/elluciango",
                            "wiki_enabled": "false"
                        },
                        "meta": {},
                        "tainted": false
                    },
                    "deposed": [],
                    "provider": "provider.gitlab"
                }
            },
            "depends_on": []
        },
        {
            "path": [
                "root",
                "mobile_MobileServer"
            ],
            "outputs": {},
            "resources": {
                "gitlab_project.example": {
                    "type": "gitlab_project",
                    "depends_on": [],
                    "primary": {
                        "id": "186",
                        "attributes": {
                            "default_branch": "",
                            "description": "Ellucian sync repo for MobileServer",
                            "http_url_to_repo": "https://gitrepo.georgebrown.ca/ellucian_mobile/mobileserver.git",
                            "id": "186",
                            "issues_enabled": "false",
                            "merge_requests_enabled": "true",
                            "name": "MobileServer",
                            "namespace_id": "29",
                            "path": "mobileserver",
                            "snippets_enabled": "false",
                            "ssh_url_to_repo": "ssh://git@gitrepo.georgebrown.ca:2222/ellucian_mobile/mobileserver.git",
                            "visibility_level": "internal",
                            "web_url": "https://gitrepo.georgebrown.ca/ellucian_mobile/mobileserver",
                            "wiki_enabled": "false"
                        },
                        "meta": {},
                        "tainted": false
                    },
                    "deposed": [],
                    "provider": "provider.gitlab"
                }
            },
            "depends_on": []
        },
        {
            "path": [
                "root",
                "mobile_ms-configuration-core"
            ],
            "outputs": {},
            "resources": {
                "gitlab_project.example": {
                    "type": "gitlab_project",
                    "depends_on": [],
                    "primary": {
                        "id": "188",
                        "attributes": {
                            "default_branch": "",
                            "description": "Ellucian sync repo for ms-configuration-core",
                            "http_url_to_repo": "https://gitrepo.georgebrown.ca/ellucian_mobile/ms-configuration-core.git",
                            "id": "188",
                            "issues_enabled": "false",
                            "merge_requests_enabled": "true",
                            "name": "ms-configuration-core",
                            "namespace_id": "29",
                            "path": "ms-configuration-core",
                            "snippets_enabled": "false",
                            "ssh_url_to_repo": "ssh://git@gitrepo.georgebrown.ca:2222/ellucian_mobile/ms-configuration-core.git",
                            "visibility_level": "internal",
                            "web_url": "https://gitrepo.georgebrown.ca/ellucian_mobile/ms-configuration-core",
                            "wiki_enabled": "false"
                        },
                        "meta": {},
                        "tainted": false
                    },
                    "deposed": [],
                    "provider": "provider.gitlab"
                }
            },
            "depends_on": []
        },
        {
            "path": [
                "root",
                "mobile_ms-groovy"
            ],
            "outputs": {},
            "resources": {
                "gitlab_project.example": {
                    "type": "gitlab_project",
                    "depends_on": [],
                    "primary": {
                        "id": "187",
                        "attributes": {
                            "default_branch": "",
                            "description": "Ellucian sync repo for ms-groovy",
                            "http_url_to_repo": "https://gitrepo.georgebrown.ca/ellucian_mobile/ms-groovy.git",
                            "id": "187",
                            "issues_enabled": "false",
                            "merge_requests_enabled": "true",
                            "name": "ms-groovy",
                            "namespace_id": "29",
                            "path": "ms-groovy",
                            "snippets_enabled": "false",
                            "ssh_url_to_repo": "ssh://git@gitrepo.georgebrown.ca:2222/ellucian_mobile/ms-groovy.git",
                            "visibility_level": "internal",
                            "web_url": "https://gitrepo.georgebrown.ca/ellucian_mobile/ms-groovy",
                            "wiki_enabled": "false"
                        },
                        "meta": {},
                        "tainted": false
                    },
                    "deposed": [],
                    "provider": "provider.gitlab"
                }
            },
            "depends_on": []
        },
        {
            "path": [
                "root",
                "mobile_ms-notification-core"
            ],
            "outputs": {},
            "resources": {
                "gitlab_project.example": {
                    "type": "gitlab_project",
                    "depends_on": [],
                    "primary": {
                        "id": "185",
                        "attributes": {
                            "default_branch": "",
                            "description": "Ellucian sync repo for ms-notification-core",
                            "http_url_to_repo": "https://gitrepo.georgebrown.ca/ellucian_mobile/ms-notification-core.git",
                            "id": "185",
                            "issues_enabled": "false",
                            "merge_requests_enabled": "true",
                            "name": "ms-notification-core",
                            "namespace_id": "29",
                            "path": "ms-notification-core",
                            "snippets_enabled": "false",
                            "ssh_url_to_repo": "ssh://git@gitrepo.georgebrown.ca:2222/ellucian_mobile/ms-notification-core.git",
                            "visibility_level": "internal",
                            "web_url": "https://gitrepo.georgebrown.ca/ellucian_mobile/ms-notification-core",
                            "wiki_enabled": "false"
                        },
                        "meta": {},
                        "tainted": false
                    },
                    "deposed": [],
                    "provider": "provider.gitlab"
                }
            },
            "depends_on": []
        }
    ]
}
